{
  "version": 4,
  "terraform_version": "1.7.2",
  "serial": 137,
  "lineage": "8ca4baaa-c610-6cbb-1042-3237f46172fa",
  "outputs": {},
  "resources": [
    {
      "module": "module.AWS-Ingress-loadbalancer",
      "mode": "managed",
      "type": "aws_wafv2_web_acl",
      "name": "alb_waf",
      "provider": "provider[\"registry.terraform.io/hashicorp/aws\"]",
      "instances": [
        {
          "schema_version": 0,
          "attributes": {
            "application_integration_url": "",
            "arn": "arn:aws:wafv2:ap-south-1:288761760029:regional/webacl/alb-web-acl/aa7d0727-83c1-45de-8380-379ab3dc0c57",
            "association_config": [],
            "capacity": 0,
            "captcha_config": [],
            "challenge_config": [],
            "custom_response_body": [],
            "default_action": [
              {
                "allow": [
                  {
                    "custom_request_handling": []
                  }
                ],
                "block": []
              }
            ],
            "description": "WAF for ALB",
            "id": "aa7d0727-83c1-45de-8380-379ab3dc0c57",
            "lock_token": "2ad77fbd-64cd-45bb-bf78-8450d42cd422",
            "name": "alb-web-acl",
            "rule": [],
            "rule_json": null,
            "scope": "REGIONAL",
            "tags": {},
            "tags_all": {},
            "token_domains": [],
            "visibility_config": [
              {
                "cloudwatch_metrics_enabled": true,
                "metric_name": "alb-web-acl",
                "sampled_requests_enabled": true
              }
            ]
          },
          "sensitive_attributes": [],
          "private": "bnVsbA==",
          "dependencies": [
            "module.VPC.aws_subnet.subnet-terr-1",
            "module.VPC.aws_subnet.subnet-terr-2",
            "module.VPC.aws_vpc.tf_vpc",
            "module.eks.aws_eks_cluster.eks_cluster",
            "module.eks.aws_eks_node_group.eks_node_groups",
            "module.eks.aws_iam_role.node_group_role",
            "module.eks.aws_iam_role_policy_attachment.node_group_AmazonEC2ContainerRegistryReadOnly",
            "module.eks.aws_iam_role_policy_attachment.node_group_AmazonEKSWorkerNodePolicy",
            "module.eks.aws_iam_role_policy_attachment.node_group_AmazonEKS_CNI_Policy",
            "module.eks.data.aws_eks_cluster.my_cluster",
            "module.eks.data.aws_eks_cluster_auth.my_cluster_id",
            "module.eks.kubernetes_cluster_role_binding.eks_console_view",
            "module.eks.kubernetes_config_map.aws_auth",
            "module.eks.null_resource.update_kubeconfig",
            "module.iam-policy.aws_iam_policy.eks_k8s_admin",
            "module.iam-policy.aws_iam_role.eks_role",
            "module.iam-policy.aws_iam_role_policy_attachment.eks_k8s_admin_attach",
            "module.iam-policy.aws_iam_role_policy_attachment.eks_policy_attach"
          ]
        }
      ]
    },
    {
      "module": "module.AWS-Ingress-loadbalancer",
      "mode": "managed",
      "type": "kubernetes_ingress_v1",
      "name": "app_ingress",
      "provider": "provider[\"registry.terraform.io/hashicorp/kubernetes\"]",
      "instances": [
        {
          "schema_version": 0,
          "attributes": {
            "id": "default/app-ingress",
            "metadata": [
              {
                "annotations": {
                  "alb.ingress.kubernetes.io/healthcheck-interval-seconds": "10",
                  "alb.ingress.kubernetes.io/healthcheck-path": "/",
                  "alb.ingress.kubernetes.io/healthcheck-port": "80",
                  "alb.ingress.kubernetes.io/healthcheck-protocol": "HTTP",
                  "alb.ingress.kubernetes.io/load-balancer-type": "nlb",
                  "alb.ingress.kubernetes.io/scheme": "internet-facing",
                  "alb.ingress.kubernetes.io/success-codes": "200",
                  "alb.ingress.kubernetes.io/target-type": "ip",
                  "alb.ingress.kubernetes.io/waf-acl-arn": "arn:aws:wafv2:ap-south-1:288761760029:regional/webacl/alb-web-acl/aa7d0727-83c1-45de-8380-379ab3dc0c57",
                  "kubernetes.io/ingress.class": "alb"
                },
                "generate_name": "",
                "generation": 2,
                "labels": {},
                "name": "app-ingress",
                "namespace": "default",
                "resource_version": "38203",
                "uid": "d7505558-0336-48da-9a13-4904899ea841"
              }
            ],
            "spec": [
              {
                "default_backend": [],
                "ingress_class_name": "",
                "rule": [
                  {
                    "host": "cloudops-platforms.cloud",
                    "http": [
                      {
                        "path": [
                          {
                            "backend": [
                              {
                                "resource": [],
                                "service": [
                                  {
                                    "name": "app-service",
                                    "port": [
                                      {
                                        "name": "",
                                        "number": 80
                                      }
                                    ]
                                  }
                                ]
                              }
                            ],
                            "path": "/",
                            "path_type": "Prefix"
                          }
                        ]
                      }
                    ]
                  }
                ],
                "tls": []
              }
            ],
            "status": [
              {
                "load_balancer": [
                  {
                    "ingress": [
                      {
                        "hostname": "k8s-default-appingre-222592a3d4-952860000.ap-south-1.elb.amazonaws.com",
                        "ip": ""
                      }
                    ]
                  }
                ]
              }
            ],
            "timeouts": null,
            "wait_for_load_balancer": null
          },
          "sensitive_attributes": [],
          "private": "eyJlMmJmYjczMC1lY2FhLTExZTYtOGY4OC0zNDM2M2JjN2M0YzAiOnsiY3JlYXRlIjoxMjAwMDAwMDAwMDAwLCJkZWxldGUiOjEyMDAwMDAwMDAwMDB9fQ==",
          "dependencies": [
            "module.AWS-Ingress-loadbalancer.aws_wafv2_web_acl.alb_waf",
            "module.AWS-Ingress-loadbalancer.kubernetes_service.app_service",
            "module.VPC.aws_subnet.subnet-terr-1",
            "module.VPC.aws_subnet.subnet-terr-2",
            "module.VPC.aws_vpc.tf_vpc",
            "module.eks.aws_eks_cluster.eks_cluster",
            "module.eks.aws_eks_node_group.eks_node_groups",
            "module.eks.aws_iam_role.node_group_role",
            "module.eks.aws_iam_role_policy_attachment.node_group_AmazonEC2ContainerRegistryReadOnly",
            "module.eks.aws_iam_role_policy_attachment.node_group_AmazonEKSWorkerNodePolicy",
            "module.eks.aws_iam_role_policy_attachment.node_group_AmazonEKS_CNI_Policy",
            "module.eks.data.aws_eks_cluster.my_cluster",
            "module.eks.data.aws_eks_cluster_auth.my_cluster_id",
            "module.eks.kubernetes_cluster_role_binding.eks_console_view",
            "module.eks.kubernetes_config_map.aws_auth",
            "module.eks.null_resource.update_kubeconfig",
            "module.iam-policy.aws_iam_policy.eks_k8s_admin",
            "module.iam-policy.aws_iam_role.eks_role",
            "module.iam-policy.aws_iam_role_policy_attachment.eks_k8s_admin_attach",
            "module.iam-policy.aws_iam_role_policy_attachment.eks_policy_attach"
          ]
        }
      ]
    },
    {
      "module": "module.AWS-Ingress-loadbalancer",
      "mode": "managed",
      "type": "kubernetes_service",
      "name": "app_service",
      "provider": "provider[\"registry.terraform.io/hashicorp/kubernetes\"]",
      "instances": [
        {
          "schema_version": 1,
          "attributes": {
            "id": "default/app-service",
            "metadata": [
              {
                "annotations": {},
                "generate_name": "",
                "generation": 0,
                "labels": {},
                "name": "app-service",
                "namespace": "default",
                "resource_version": "22618",
                "uid": "b8728d23-ca6a-4657-9102-7babc70c38b6"
              }
            ],
            "spec": [
              {
                "allocate_load_balancer_node_ports": true,
                "cluster_ip": "172.20.180.48",
                "cluster_ips": [
                  "172.20.180.48"
                ],
                "external_ips": [],
                "external_name": "",
                "external_traffic_policy": "",
                "health_check_node_port": 0,
                "internal_traffic_policy": "Cluster",
                "ip_families": [
                  "IPv4"
                ],
                "ip_family_policy": "SingleStack",
                "load_balancer_class": "",
                "load_balancer_ip": "",
                "load_balancer_source_ranges": [],
                "port": [
                  {
                    "app_protocol": "",
                    "name": "",
                    "node_port": 0,
                    "port": 80,
                    "protocol": "TCP",
                    "target_port": "80"
                  }
                ],
                "publish_not_ready_addresses": false,
                "selector": {
                  "app": "my-app"
                },
                "session_affinity": "None",
                "session_affinity_config": [],
                "type": "ClusterIP"
              }
            ],
            "status": [
              {
                "load_balancer": [
                  {
                    "ingress": []
                  }
                ]
              }
            ],
            "timeouts": null,
            "wait_for_load_balancer": true
          },
          "sensitive_attributes": [],
          "private": "eyJlMmJmYjczMC1lY2FhLTExZTYtOGY4OC0zNDM2M2JjN2M0YzAiOnsiY3JlYXRlIjo2MDAwMDAwMDAwMDB9LCJzY2hlbWFfdmVyc2lvbiI6IjEifQ==",
          "dependencies": [
            "module.VPC.aws_subnet.subnet-terr-1",
            "module.VPC.aws_subnet.subnet-terr-2",
            "module.VPC.aws_vpc.tf_vpc",
            "module.eks.aws_eks_cluster.eks_cluster",
            "module.eks.aws_eks_node_group.eks_node_groups",
            "module.eks.aws_iam_role.node_group_role",
            "module.eks.aws_iam_role_policy_attachment.node_group_AmazonEC2ContainerRegistryReadOnly",
            "module.eks.aws_iam_role_policy_attachment.node_group_AmazonEKSWorkerNodePolicy",
            "module.eks.aws_iam_role_policy_attachment.node_group_AmazonEKS_CNI_Policy",
            "module.eks.data.aws_eks_cluster.my_cluster",
            "module.eks.data.aws_eks_cluster_auth.my_cluster_id",
            "module.eks.kubernetes_cluster_role_binding.eks_console_view",
            "module.eks.kubernetes_config_map.aws_auth",
            "module.eks.null_resource.update_kubeconfig",
            "module.iam-policy.aws_iam_policy.eks_k8s_admin",
            "module.iam-policy.aws_iam_role.eks_role",
            "module.iam-policy.aws_iam_role_policy_attachment.eks_k8s_admin_attach",
            "module.iam-policy.aws_iam_role_policy_attachment.eks_policy_attach"
          ]
        }
      ]
    },
    {
      "module": "module.VPC",
      "mode": "managed",
      "type": "aws_internet_gateway",
      "name": "igw",
      "provider": "provider[\"registry.terraform.io/hashicorp/aws\"]",
      "instances": [
        {
          "schema_version": 0,
          "attributes": {
            "arn": "arn:aws:ec2:ap-south-1:288761760029:internet-gateway/igw-0cd4912d184684a40",
            "id": "igw-0cd4912d184684a40",
            "owner_id": "288761760029",
            "tags": {
              "Name": "MyIGW"
            },
            "tags_all": {
              "Name": "MyIGW"
            },
            "timeouts": null,
            "vpc_id": "vpc-06162eac24946783e"
          },
          "sensitive_attributes": [],
          "private": "eyJlMmJmYjczMC1lY2FhLTExZTYtOGY4OC0zNDM2M2JjN2M0YzAiOnsiY3JlYXRlIjoxMjAwMDAwMDAwMDAwLCJkZWxldGUiOjEyMDAwMDAwMDAwMDAsInVwZGF0ZSI6MTIwMDAwMDAwMDAwMH19",
          "dependencies": [
            "module.VPC.aws_vpc.tf_vpc",
            "module.iam-policy.aws_iam_policy.eks_k8s_admin",
            "module.iam-policy.aws_iam_role.eks_role",
            "module.iam-policy.aws_iam_role_policy_attachment.eks_k8s_admin_attach",
            "module.iam-policy.aws_iam_role_policy_attachment.eks_policy_attach"
          ]
        }
      ]
    },
    {
      "module": "module.VPC",
      "mode": "managed",
      "type": "aws_subnet",
      "name": "subnet-terr-1",
      "provider": "provider[\"registry.terraform.io/hashicorp/aws\"]",
      "instances": [
        {
          "schema_version": 1,
          "attributes": {
            "arn": "arn:aws:ec2:ap-south-1:288761760029:subnet/subnet-06e4ccf6916249544",
            "assign_ipv6_address_on_creation": false,
            "availability_zone": "ap-south-1a",
            "availability_zone_id": "aps1-az1",
            "cidr_block": "10.0.0.0/24",
            "customer_owned_ipv4_pool": "",
            "enable_dns64": false,
            "enable_lni_at_device_index": 0,
            "enable_resource_name_dns_a_record_on_launch": false,
            "enable_resource_name_dns_aaaa_record_on_launch": false,
            "id": "subnet-06e4ccf6916249544",
            "ipv6_cidr_block": "",
            "ipv6_cidr_block_association_id": "",
            "ipv6_native": false,
            "map_customer_owned_ip_on_launch": false,
            "map_public_ip_on_launch": true,
            "outpost_arn": "",
            "owner_id": "288761760029",
            "private_dns_hostname_type_on_launch": "ip-name",
            "tags": {
              "Name": "subnet-terr-1",
              "kubernetes.io/cluster/my-eks-cluster": "owned",
              "kubernetes.io/role/elb": "1"
            },
            "tags_all": {
              "Name": "subnet-terr-1",
              "kubernetes.io/cluster/my-eks-cluster": "owned",
              "kubernetes.io/role/elb": "1"
            },
            "timeouts": null,
            "vpc_id": "vpc-06162eac24946783e"
          },
          "sensitive_attributes": [],
          "private": "eyJlMmJmYjczMC1lY2FhLTExZTYtOGY4OC0zNDM2M2JjN2M0YzAiOnsiY3JlYXRlIjo2MDAwMDAwMDAwMDAsImRlbGV0ZSI6MTIwMDAwMDAwMDAwMH0sInNjaGVtYV92ZXJzaW9uIjoiMSJ9",
          "dependencies": [
            "module.VPC.aws_vpc.tf_vpc",
            "module.iam-policy.aws_iam_policy.eks_k8s_admin",
            "module.iam-policy.aws_iam_role.eks_role",
            "module.iam-policy.aws_iam_role_policy_attachment.eks_k8s_admin_attach",
            "module.iam-policy.aws_iam_role_policy_attachment.eks_policy_attach"
          ]
        }
      ]
    },
    {
      "module": "module.VPC",
      "mode": "managed",
      "type": "aws_subnet",
      "name": "subnet-terr-2",
      "provider": "provider[\"registry.terraform.io/hashicorp/aws\"]",
      "instances": [
        {
          "schema_version": 1,
          "attributes": {
            "arn": "arn:aws:ec2:ap-south-1:288761760029:subnet/subnet-0a0bbab15f7c78b72",
            "assign_ipv6_address_on_creation": false,
            "availability_zone": "ap-south-1b",
            "availability_zone_id": "aps1-az3",
            "cidr_block": "10.0.1.0/24",
            "customer_owned_ipv4_pool": "",
            "enable_dns64": false,
            "enable_lni_at_device_index": 0,
            "enable_resource_name_dns_a_record_on_launch": false,
            "enable_resource_name_dns_aaaa_record_on_launch": false,
            "id": "subnet-0a0bbab15f7c78b72",
            "ipv6_cidr_block": "",
            "ipv6_cidr_block_association_id": "",
            "ipv6_native": false,
            "map_customer_owned_ip_on_launch": false,
            "map_public_ip_on_launch": true,
            "outpost_arn": "",
            "owner_id": "288761760029",
            "private_dns_hostname_type_on_launch": "ip-name",
            "tags": {
              "Name": "subnet-terr-2",
              "kubernetes.io/cluster/my-eks-cluster": "owned",
              "kubernetes.io/role/elb": "1"
            },
            "tags_all": {
              "Name": "subnet-terr-2",
              "kubernetes.io/cluster/my-eks-cluster": "owned",
              "kubernetes.io/role/elb": "1"
            },
            "timeouts": null,
            "vpc_id": "vpc-06162eac24946783e"
          },
          "sensitive_attributes": [],
          "private": "eyJlMmJmYjczMC1lY2FhLTExZTYtOGY4OC0zNDM2M2JjN2M0YzAiOnsiY3JlYXRlIjo2MDAwMDAwMDAwMDAsImRlbGV0ZSI6MTIwMDAwMDAwMDAwMH0sInNjaGVtYV92ZXJzaW9uIjoiMSJ9",
          "dependencies": [
            "module.VPC.aws_vpc.tf_vpc",
            "module.iam-policy.aws_iam_policy.eks_k8s_admin",
            "module.iam-policy.aws_iam_role.eks_role",
            "module.iam-policy.aws_iam_role_policy_attachment.eks_k8s_admin_attach",
            "module.iam-policy.aws_iam_role_policy_attachment.eks_policy_attach"
          ]
        }
      ]
    },
    {
      "module": "module.VPC",
      "mode": "managed",
      "type": "aws_vpc",
      "name": "tf_vpc",
      "provider": "provider[\"registry.terraform.io/hashicorp/aws\"]",
      "instances": [
        {
          "schema_version": 1,
          "attributes": {
            "arn": "arn:aws:ec2:ap-south-1:288761760029:vpc/vpc-06162eac24946783e",
            "assign_generated_ipv6_cidr_block": false,
            "cidr_block": "10.0.0.0/16",
            "default_network_acl_id": "acl-0b630f01e5b523bf8",
            "default_route_table_id": "rtb-0f0dc93a148548954",
            "default_security_group_id": "sg-0b65dad3acb07c6cf",
            "dhcp_options_id": "dopt-0eb36c1f397d9259d",
            "enable_dns_hostnames": false,
            "enable_dns_support": true,
            "enable_network_address_usage_metrics": false,
            "id": "vpc-06162eac24946783e",
            "instance_tenancy": "default",
            "ipv4_ipam_pool_id": null,
            "ipv4_netmask_length": null,
            "ipv6_association_id": "",
            "ipv6_cidr_block": "",
            "ipv6_cidr_block_network_border_group": "",
            "ipv6_ipam_pool_id": "",
            "ipv6_netmask_length": 0,
            "main_route_table_id": "rtb-0f0dc93a148548954",
            "owner_id": "288761760029",
            "tags": {},
            "tags_all": {}
          },
          "sensitive_attributes": [],
          "private": "eyJzY2hlbWFfdmVyc2lvbiI6IjEifQ==",
          "dependencies": [
            "module.iam-policy.aws_iam_policy.eks_k8s_admin",
            "module.iam-policy.aws_iam_role.eks_role",
            "module.iam-policy.aws_iam_role_policy_attachment.eks_k8s_admin_attach",
            "module.iam-policy.aws_iam_role_policy_attachment.eks_policy_attach"
          ]
        }
      ]
    },
    {
      "module": "module.eks",
      "mode": "data",
      "type": "aws_eks_cluster",
      "name": "my_cluster",
      "provider": "provider[\"registry.terraform.io/hashicorp/aws\"]",
      "instances": [
        {
          "schema_version": 0,
          "attributes": {
            "access_config": [
              {
                "authentication_mode": "CONFIG_MAP",
                "bootstrap_cluster_creator_admin_permissions": true
              }
            ],
            "arn": "arn:aws:eks:ap-south-1:288761760029:cluster/my-eks-cluster",
            "certificate_authority": [
              {
                "data": "LS0tLS1CRUdJTiBDRVJUSUZJQ0FURS0tLS0tCk1JSURCVENDQWUyZ0F3SUJBZ0lJSmdmaGpNQkFqN013RFFZSktvWklodmNOQVFFTEJRQXdGVEVUTUJFR0ExVUUKQXhNS2EzVmlaWEp1WlhSbGN6QWVGdzB5TlRBek1UQXdORFUwTWpsYUZ3MHpOVEF6TURnd05EVTVNamxhTUJVeApFekFSQmdOVkJBTVRDbXQxWW1WeWJtVjBaWE13Z2dFaU1BMEdDU3FHU0liM0RRRUJBUVVBQTRJQkR3QXdnZ0VLCkFvSUJBUURVQ01NTnlkbFp0SWRwT3NKdW8zaE11clk1RVF1OGc2ekZ4Y3ZYanFqMHgvMkk1dEpxNFFEUUdzd24KR05jdHQ4cnhFa2lpTGw2ZlFyR1plUVkwbmF2WTh1aXB2WmtMU2hBaTVObXZGalk5bExQYm9OM2RzUHJXSGZGTApGV0pocnkybDJ4Rk43cTNWRXVFblVTSk9sdFdrbUcvQkRHaFladG84RURka3oxTjhPRENEZ0pzTVZ4YjE1bTIvCkZjdjMxS0pEY25tb084NjdQOHBxMzlHNzZyZjVmSVBzMGZNN0k5TzNnSTlLSzIyaHo0Y3RTRTZVMjB4RURtbXMKZkJSVkdOaXo1OW9wOVhsZTJPNFRkbUNSaTRscCtKSVFQZXRQblFCVkVpQmFSZlhSdUw2OGFUTUtxUFNzdmRQeAp4VmM1Zk42bTliT1JnMUpTWnZSYzZCeG9lMHRWQWdNQkFBR2pXVEJYTUE0R0ExVWREd0VCL3dRRUF3SUNwREFQCkJnTlZIUk1CQWY4RUJUQURBUUgvTUIwR0ExVWREZ1FXQkJSMlhMSmFMZWM3MUduV0RzNFFmZndxZ0Nva2lEQVYKQmdOVkhSRUVEakFNZ2dwcmRXSmxjbTVsZEdWek1BMEdDU3FHU0liM0RRRUJDd1VBQTRJQkFRQ1ZmK1ZFMHIwbwp6UEt0clk1YVdnYUNkelp6bm1CNHFURDJLbzlBaE1MaEZFa0lpMWpSd1JQM09KUGQwWEdEUlVrRThzV1Z3U283CkhZUzc0V0pKVW0zdWJjOElPR1QycWY1WmJzRlh4R0N2QjNwdGRmU2Q3a1N1YU55bzdwRFp5OFdoSStHbGY1eUYKckYrQzE5ZEdFUG56d0Y3SjQreWpOQmEvdlB6bmV0dDZJMG1Nb0N1bnk2WElBcldBcWZhYU14NG51eTJlZTJ1VQo3VWlmeHJkaFFqaTExbjdHbDA1RGpoNndCbXhUcER6Z2RHOU1XZ3NrdTYrb1hxWElKRm53emVnVUEyRXZVUmtFCituKzBmRURlRWFRNmtvZFBMbmVkZmhGN01EY2xhTjJaYmtQc1BpaS8zb0NxV1RvWGRpblNMc1lRVVlBSVp6Y3EKSkN3VGRhQk16MWxmCi0tLS0tRU5EIENFUlRJRklDQVRFLS0tLS0K"
              }
            ],
            "cluster_id": null,
            "compute_config": [],
            "created_at": "2025-03-10T04:54:59Z",
            "enabled_cluster_log_types": [],
            "endpoint": "https://A13B31579EFB122F0D31619B547AC289.gr7.ap-south-1.eks.amazonaws.com",
            "id": "my-eks-cluster",
            "identity": [
              {
                "oidc": [
                  {
                    "issuer": "https://oidc.eks.ap-south-1.amazonaws.com/id/A13B31579EFB122F0D31619B547AC289"
                  }
                ]
              }
            ],
            "kubernetes_network_config": [
              {
                "elastic_load_balancing": [
                  {
                    "enabled": false
                  }
                ],
                "ip_family": "ipv4",
                "service_ipv4_cidr": "172.20.0.0/16",
                "service_ipv6_cidr": ""
              }
            ],
            "name": "my-eks-cluster",
            "outpost_config": [],
            "platform_version": "eks.20",
            "remote_network_config": [],
            "role_arn": "arn:aws:iam::288761760029:role/eks-cluster-role",
            "status": "ACTIVE",
            "storage_config": [],
            "tags": {},
            "upgrade_policy": [
              {
                "support_type": "EXTENDED"
              }
            ],
            "version": "1.31",
            "vpc_config": [
              {
                "cluster_security_group_id": "sg-03e08b327306eef13",
                "endpoint_private_access": false,
                "endpoint_public_access": true,
                "public_access_cidrs": [
                  "0.0.0.0/0"
                ],
                "security_group_ids": [],
                "subnet_ids": [
                  "subnet-06e4ccf6916249544",
                  "subnet-0a0bbab15f7c78b72"
                ],
                "vpc_id": "vpc-06162eac24946783e"
              }
            ],
            "zonal_shift_config": []
          },
          "sensitive_attributes": []
        }
      ]
    },
    {
      "module": "module.eks",
      "mode": "data",
      "type": "aws_eks_cluster_auth",
      "name": "my_cluster_id",
      "provider": "provider[\"registry.terraform.io/hashicorp/aws\"]",
      "instances": [
        {
          "schema_version": 0,
          "attributes": {
            "id": "my-eks-cluster",
            "name": "my-eks-cluster",
            "token": "k8s-aws-v1.aHR0cHM6Ly9zdHMuYXAtc291dGgtMS5hbWF6b25hd3MuY29tLz9BY3Rpb249R2V0Q2FsbGVySWRlbnRpdHkmVmVyc2lvbj0yMDExLTA2LTE1JlgtQW16LUFsZ29yaXRobT1BV1M0LUhNQUMtU0hBMjU2JlgtQW16LUNyZWRlbnRpYWw9QUtJQVVHTzRLWkVPWkVWQVdTRjQlMkYyMDI1MDMxMCUyRmFwLXNvdXRoLTElMkZzdHMlMkZhd3M0X3JlcXVlc3QmWC1BbXotRGF0ZT0yMDI1MDMxMFQwODMyMDZaJlgtQW16LUV4cGlyZXM9MCZYLUFtei1TaWduZWRIZWFkZXJzPWhvc3QlM0J4LWs4cy1hd3MtaWQmWC1BbXotU2lnbmF0dXJlPWY1MjU1YzQyYjU2ZGE5M2E0YmE4ZWY5NjQzY2NkZWE3NzhjNmQ5YjAxMzczYWI2M2IzNTFjNmMzMmExMDNkYWI"
          },
          "sensitive_attributes": []
        }
      ]
    },
    {
      "module": "module.eks",
      "mode": "managed",
      "type": "aws_eks_cluster",
      "name": "eks_cluster",
      "provider": "provider[\"registry.terraform.io/hashicorp/aws\"]",
      "instances": [
        {
          "schema_version": 1,
          "attributes": {
            "access_config": [
              {
                "authentication_mode": "CONFIG_MAP",
                "bootstrap_cluster_creator_admin_permissions": true
              }
            ],
            "arn": "arn:aws:eks:ap-south-1:288761760029:cluster/my-eks-cluster",
            "bootstrap_self_managed_addons": true,
            "certificate_authority": [
              {
                "data": "LS0tLS1CRUdJTiBDRVJUSUZJQ0FURS0tLS0tCk1JSURCVENDQWUyZ0F3SUJBZ0lJSmdmaGpNQkFqN013RFFZSktvWklodmNOQVFFTEJRQXdGVEVUTUJFR0ExVUUKQXhNS2EzVmlaWEp1WlhSbGN6QWVGdzB5TlRBek1UQXdORFUwTWpsYUZ3MHpOVEF6TURnd05EVTVNamxhTUJVeApFekFSQmdOVkJBTVRDbXQxWW1WeWJtVjBaWE13Z2dFaU1BMEdDU3FHU0liM0RRRUJBUVVBQTRJQkR3QXdnZ0VLCkFvSUJBUURVQ01NTnlkbFp0SWRwT3NKdW8zaE11clk1RVF1OGc2ekZ4Y3ZYanFqMHgvMkk1dEpxNFFEUUdzd24KR05jdHQ4cnhFa2lpTGw2ZlFyR1plUVkwbmF2WTh1aXB2WmtMU2hBaTVObXZGalk5bExQYm9OM2RzUHJXSGZGTApGV0pocnkybDJ4Rk43cTNWRXVFblVTSk9sdFdrbUcvQkRHaFladG84RURka3oxTjhPRENEZ0pzTVZ4YjE1bTIvCkZjdjMxS0pEY25tb084NjdQOHBxMzlHNzZyZjVmSVBzMGZNN0k5TzNnSTlLSzIyaHo0Y3RTRTZVMjB4RURtbXMKZkJSVkdOaXo1OW9wOVhsZTJPNFRkbUNSaTRscCtKSVFQZXRQblFCVkVpQmFSZlhSdUw2OGFUTUtxUFNzdmRQeAp4VmM1Zk42bTliT1JnMUpTWnZSYzZCeG9lMHRWQWdNQkFBR2pXVEJYTUE0R0ExVWREd0VCL3dRRUF3SUNwREFQCkJnTlZIUk1CQWY4RUJUQURBUUgvTUIwR0ExVWREZ1FXQkJSMlhMSmFMZWM3MUduV0RzNFFmZndxZ0Nva2lEQVYKQmdOVkhSRUVEakFNZ2dwcmRXSmxjbTVsZEdWek1BMEdDU3FHU0liM0RRRUJDd1VBQTRJQkFRQ1ZmK1ZFMHIwbwp6UEt0clk1YVdnYUNkelp6bm1CNHFURDJLbzlBaE1MaEZFa0lpMWpSd1JQM09KUGQwWEdEUlVrRThzV1Z3U283CkhZUzc0V0pKVW0zdWJjOElPR1QycWY1WmJzRlh4R0N2QjNwdGRmU2Q3a1N1YU55bzdwRFp5OFdoSStHbGY1eUYKckYrQzE5ZEdFUG56d0Y3SjQreWpOQmEvdlB6bmV0dDZJMG1Nb0N1bnk2WElBcldBcWZhYU14NG51eTJlZTJ1VQo3VWlmeHJkaFFqaTExbjdHbDA1RGpoNndCbXhUcER6Z2RHOU1XZ3NrdTYrb1hxWElKRm53emVnVUEyRXZVUmtFCituKzBmRURlRWFRNmtvZFBMbmVkZmhGN01EY2xhTjJaYmtQc1BpaS8zb0NxV1RvWGRpblNMc1lRVVlBSVp6Y3EKSkN3VGRhQk16MWxmCi0tLS0tRU5EIENFUlRJRklDQVRFLS0tLS0K"
              }
            ],
            "cluster_id": null,
            "compute_config": [],
            "created_at": "2025-03-10T04:54:59Z",
            "enabled_cluster_log_types": [],
            "encryption_config": [],
            "endpoint": "https://A13B31579EFB122F0D31619B547AC289.gr7.ap-south-1.eks.amazonaws.com",
            "id": "my-eks-cluster",
            "identity": [
              {
                "oidc": [
                  {
                    "issuer": "https://oidc.eks.ap-south-1.amazonaws.com/id/A13B31579EFB122F0D31619B547AC289"
                  }
                ]
              }
            ],
            "kubernetes_network_config": [
              {
                "elastic_load_balancing": [
                  {
                    "enabled": false
                  }
                ],
                "ip_family": "ipv4",
                "service_ipv4_cidr": "172.20.0.0/16",
                "service_ipv6_cidr": ""
              }
            ],
            "name": "my-eks-cluster",
            "outpost_config": [],
            "platform_version": "eks.20",
            "remote_network_config": [],
            "role_arn": "arn:aws:iam::288761760029:role/eks-cluster-role",
            "status": "ACTIVE",
            "storage_config": [],
            "tags": {},
            "tags_all": {},
            "timeouts": null,
            "upgrade_policy": [
              {
                "support_type": "EXTENDED"
              }
            ],
            "version": "1.31",
            "vpc_config": [
              {
                "cluster_security_group_id": "sg-03e08b327306eef13",
                "endpoint_private_access": false,
                "endpoint_public_access": true,
                "public_access_cidrs": [
                  "0.0.0.0/0"
                ],
                "security_group_ids": [],
                "subnet_ids": [
                  "subnet-06e4ccf6916249544",
                  "subnet-0a0bbab15f7c78b72"
                ],
                "vpc_id": "vpc-06162eac24946783e"
              }
            ],
            "zonal_shift_config": []
          },
          "sensitive_attributes": [],
          "private": "eyJlMmJmYjczMC1lY2FhLTExZTYtOGY4OC0zNDM2M2JjN2M0YzAiOnsiY3JlYXRlIjoxODAwMDAwMDAwMDAwLCJkZWxldGUiOjkwMDAwMDAwMDAwMCwidXBkYXRlIjozNjAwMDAwMDAwMDAwfSwic2NoZW1hX3ZlcnNpb24iOiIxIn0=",
          "dependencies": [
            "module.VPC.aws_subnet.subnet-terr-1",
            "module.VPC.aws_subnet.subnet-terr-2",
            "module.VPC.aws_vpc.tf_vpc",
            "module.iam-policy.aws_iam_policy.eks_k8s_admin",
            "module.iam-policy.aws_iam_role.eks_role",
            "module.iam-policy.aws_iam_role_policy_attachment.eks_k8s_admin_attach",
            "module.iam-policy.aws_iam_role_policy_attachment.eks_policy_attach"
          ]
        }
      ]
    },
    {
      "module": "module.eks",
      "mode": "managed",
      "type": "aws_eks_node_group",
      "name": "eks_node_groups",
      "provider": "provider[\"registry.terraform.io/hashicorp/aws\"]",
      "instances": [
        {
          "index_key": "dev",
          "schema_version": 0,
          "attributes": {
            "ami_type": "AL2_x86_64",
            "arn": "arn:aws:eks:ap-south-1:288761760029:nodegroup/my-eks-cluster/dev/3ccabf37-0d09-f5a5-9052-6eaab863c417",
            "capacity_type": "ON_DEMAND",
            "cluster_name": "my-eks-cluster",
            "disk_size": 20,
            "force_update_version": null,
            "id": "my-eks-cluster:dev",
            "instance_types": [
              "t3.medium"
            ],
            "labels": {},
            "launch_template": [],
            "node_group_name": "dev",
            "node_group_name_prefix": "",
            "node_repair_config": [],
            "node_role_arn": "arn:aws:iam::288761760029:role/eks-node-group-role",
            "release_version": "1.31.5-20250228",
            "remote_access": [
              {
                "ec2_ssh_key": "my-keypair",
                "source_security_group_ids": []
              }
            ],
            "resources": [
              {
                "autoscaling_groups": [
                  {
                    "name": "eks-dev-3ccabf37-0d09-f5a5-9052-6eaab863c417"
                  }
                ],
                "remote_access_security_group_id": "sg-07fce137c36c7497e"
              }
            ],
            "scaling_config": [
              {
                "desired_size": 2,
                "max_size": 4,
                "min_size": 1
              }
            ],
            "status": "ACTIVE",
            "subnet_ids": [
              "subnet-06e4ccf6916249544",
              "subnet-0a0bbab15f7c78b72"
            ],
            "tags": {
              "Name": "dev"
            },
            "tags_all": {
              "Name": "dev"
            },
            "taint": [],
            "timeouts": null,
            "update_config": [
              {
                "max_unavailable": 1,
                "max_unavailable_percentage": 0
              }
            ],
            "version": "1.31"
          },
          "sensitive_attributes": [],
          "private": "eyJlMmJmYjczMC1lY2FhLTExZTYtOGY4OC0zNDM2M2JjN2M0YzAiOnsiY3JlYXRlIjozNjAwMDAwMDAwMDAwLCJkZWxldGUiOjM2MDAwMDAwMDAwMDAsInVwZGF0ZSI6MzYwMDAwMDAwMDAwMH19",
          "dependencies": [
            "module.VPC.aws_subnet.subnet-terr-1",
            "module.VPC.aws_subnet.subnet-terr-2",
            "module.VPC.aws_vpc.tf_vpc",
            "module.eks.aws_eks_cluster.eks_cluster",
            "module.eks.aws_iam_role.node_group_role",
            "module.iam-policy.aws_iam_policy.eks_k8s_admin",
            "module.iam-policy.aws_iam_role.eks_role",
            "module.iam-policy.aws_iam_role_policy_attachment.eks_k8s_admin_attach",
            "module.iam-policy.aws_iam_role_policy_attachment.eks_policy_attach"
          ]
        },
        {
          "index_key": "prod",
          "schema_version": 0,
          "attributes": {
            "ami_type": "AL2_x86_64",
            "arn": "arn:aws:eks:ap-south-1:288761760029:nodegroup/my-eks-cluster/prod/9ccabf37-0d09-bd06-98f9-10296c012ba3",
            "capacity_type": "ON_DEMAND",
            "cluster_name": "my-eks-cluster",
            "disk_size": 20,
            "force_update_version": null,
            "id": "my-eks-cluster:prod",
            "instance_types": [
              "t3.medium"
            ],
            "labels": {},
            "launch_template": [],
            "node_group_name": "prod",
            "node_group_name_prefix": "",
            "node_repair_config": [],
            "node_role_arn": "arn:aws:iam::288761760029:role/eks-node-group-role",
            "release_version": "1.31.5-20250228",
            "remote_access": [
              {
                "ec2_ssh_key": "my-keypair",
                "source_security_group_ids": []
              }
            ],
            "resources": [
              {
                "autoscaling_groups": [
                  {
                    "name": "eks-prod-9ccabf37-0d09-bd06-98f9-10296c012ba3"
                  }
                ],
                "remote_access_security_group_id": "sg-0943f572c71c9e054"
              }
            ],
            "scaling_config": [
              {
                "desired_size": 3,
                "max_size": 5,
                "min_size": 2
              }
            ],
            "status": "ACTIVE",
            "subnet_ids": [
              "subnet-06e4ccf6916249544",
              "subnet-0a0bbab15f7c78b72"
            ],
            "tags": {
              "Name": "prod"
            },
            "tags_all": {
              "Name": "prod"
            },
            "taint": [],
            "timeouts": null,
            "update_config": [
              {
                "max_unavailable": 1,
                "max_unavailable_percentage": 0
              }
            ],
            "version": "1.31"
          },
          "sensitive_attributes": [],
          "private": "eyJlMmJmYjczMC1lY2FhLTExZTYtOGY4OC0zNDM2M2JjN2M0YzAiOnsiY3JlYXRlIjozNjAwMDAwMDAwMDAwLCJkZWxldGUiOjM2MDAwMDAwMDAwMDAsInVwZGF0ZSI6MzYwMDAwMDAwMDAwMH19",
          "dependencies": [
            "module.VPC.aws_subnet.subnet-terr-1",
            "module.VPC.aws_subnet.subnet-terr-2",
            "module.VPC.aws_vpc.tf_vpc",
            "module.eks.aws_eks_cluster.eks_cluster",
            "module.eks.aws_iam_role.node_group_role",
            "module.iam-policy.aws_iam_policy.eks_k8s_admin",
            "module.iam-policy.aws_iam_role.eks_role",
            "module.iam-policy.aws_iam_role_policy_attachment.eks_k8s_admin_attach",
            "module.iam-policy.aws_iam_role_policy_attachment.eks_policy_attach"
          ]
        }
      ]
    },
    {
      "module": "module.eks",
      "mode": "managed",
      "type": "aws_iam_role",
      "name": "node_group_role",
      "provider": "provider[\"registry.terraform.io/hashicorp/aws\"]",
      "instances": [
        {
          "schema_version": 0,
          "attributes": {
            "arn": "arn:aws:iam::288761760029:role/eks-node-group-role",
            "assume_role_policy": "{\"Statement\":[{\"Action\":\"sts:AssumeRole\",\"Effect\":\"Allow\",\"Principal\":{\"Service\":\"ec2.amazonaws.com\"}}],\"Version\":\"2012-10-17\"}",
            "create_date": "2025-03-10T04:54:39Z",
            "description": "",
            "force_detach_policies": false,
            "id": "eks-node-group-role",
            "inline_policy": [],
            "managed_policy_arns": [
              "arn:aws:iam::aws:policy/AmazonEC2ContainerRegistryReadOnly",
              "arn:aws:iam::aws:policy/AmazonEKSWorkerNodePolicy",
              "arn:aws:iam::aws:policy/AmazonEKS_CNI_Policy"
            ],
            "max_session_duration": 3600,
            "name": "eks-node-group-role",
            "name_prefix": "",
            "path": "/",
            "permissions_boundary": "",
            "tags": {},
            "tags_all": {},
            "unique_id": "AROAUGO4KZEOXGQLKN5OG"
          },
          "sensitive_attributes": [],
          "private": "bnVsbA=="
        }
      ]
    },
    {
      "module": "module.eks",
      "mode": "managed",
      "type": "aws_iam_role_policy_attachment",
      "name": "node_group_AmazonEC2ContainerRegistryReadOnly",
      "provider": "provider[\"registry.terraform.io/hashicorp/aws\"]",
      "instances": [
        {
          "schema_version": 0,
          "attributes": {
            "id": "eks-node-group-role-20250310045446985900000004",
            "policy_arn": "arn:aws:iam::aws:policy/AmazonEC2ContainerRegistryReadOnly",
            "role": "eks-node-group-role"
          },
          "sensitive_attributes": [],
          "private": "bnVsbA==",
          "dependencies": [
            "module.eks.aws_iam_role.node_group_role"
          ]
        }
      ]
    },
    {
      "module": "module.eks",
      "mode": "managed",
      "type": "aws_iam_role_policy_attachment",
      "name": "node_group_AmazonEKSWorkerNodePolicy",
      "provider": "provider[\"registry.terraform.io/hashicorp/aws\"]",
      "instances": [
        {
          "schema_version": 0,
          "attributes": {
            "id": "eks-node-group-role-20250310045446605300000002",
            "policy_arn": "arn:aws:iam::aws:policy/AmazonEKSWorkerNodePolicy",
            "role": "eks-node-group-role"
          },
          "sensitive_attributes": [],
          "private": "bnVsbA==",
          "dependencies": [
            "module.eks.aws_iam_role.node_group_role"
          ]
        }
      ]
    },
    {
      "module": "module.eks",
      "mode": "managed",
      "type": "aws_iam_role_policy_attachment",
      "name": "node_group_AmazonEKS_CNI_Policy",
      "provider": "provider[\"registry.terraform.io/hashicorp/aws\"]",
      "instances": [
        {
          "schema_version": 0,
          "attributes": {
            "id": "eks-node-group-role-20250310045446985800000003",
            "policy_arn": "arn:aws:iam::aws:policy/AmazonEKS_CNI_Policy",
            "role": "eks-node-group-role"
          },
          "sensitive_attributes": [],
          "private": "bnVsbA==",
          "dependencies": [
            "module.eks.aws_iam_role.node_group_role"
          ]
        }
      ]
    },
    {
      "module": "module.eks",
      "mode": "managed",
      "type": "kubernetes_cluster_role_binding",
      "name": "eks_console_view",
      "provider": "module.eks.provider[\"registry.terraform.io/hashicorp/kubernetes\"]",
      "instances": [
        {
          "schema_version": 0,
          "attributes": {
            "id": "eks-console-view",
            "metadata": [
              {
                "annotations": {},
                "generate_name": "",
                "generation": 0,
                "labels": {},
                "name": "eks-console-view",
                "resource_version": "647",
                "uid": "8120528d-eb6c-4108-9c8f-7fcc41abc1ad"
              }
            ],
            "role_ref": [
              {
                "api_group": "rbac.authorization.k8s.io",
                "kind": "ClusterRole",
                "name": "view"
              }
            ],
            "subject": [
              {
                "api_group": "rbac.authorization.k8s.io",
                "kind": "User",
                "name": "arn:aws:iam::288761760029:role/eks-cluster-role",
                "namespace": "default"
              }
            ]
          },
          "sensitive_attributes": [],
          "private": "bnVsbA==",
          "dependencies": [
            "module.VPC.aws_subnet.subnet-terr-1",
            "module.VPC.aws_subnet.subnet-terr-2",
            "module.VPC.aws_vpc.tf_vpc",
            "module.eks.aws_eks_cluster.eks_cluster",
            "module.eks.data.aws_eks_cluster.my_cluster",
            "module.eks.data.aws_eks_cluster_auth.my_cluster_id",
            "module.iam-policy.aws_iam_policy.eks_k8s_admin",
            "module.iam-policy.aws_iam_role.eks_role",
            "module.iam-policy.aws_iam_role_policy_attachment.eks_k8s_admin_attach",
            "module.iam-policy.aws_iam_role_policy_attachment.eks_policy_attach"
          ]
        }
      ]
    },
    {
      "module": "module.eks",
      "mode": "managed",
      "type": "kubernetes_config_map",
      "name": "aws_auth",
      "provider": "module.eks.provider[\"registry.terraform.io/hashicorp/kubernetes\"]",
      "instances": [
        {
          "schema_version": 0,
          "attributes": {
            "binary_data": {},
            "data": {
              "mapRoles": "    - rolearn: arn:aws:iam::288761760029:role/eks-cluster-role\r\n      username: eks-cluster-role\r\n      groups:\r\n        - system:masters\r\n    - rolearn: arn:aws:iam::288761760029:role/eks-node-group-role\r\n      username: system:node:{{EC2PrivateDNSName}}\r\n      groups:\r\n        - system:bootstrappers\r\n        - system:nodes\r\n    - rolearn: arn:aws:iam::288761760029:role/eks-alb-controller-role\r\n      username: \"system:serviceaccount:kube-system:aws-load-balancer-controller\"\r\n      groups:\r\n        - system:bootstrappers\r\n        - system:nodes\r\n        - system:masters\r\n"
            },
            "id": "kube-system/aws-auth",
            "immutable": false,
            "metadata": [
              {
                "annotations": {},
                "generate_name": "",
                "generation": 0,
                "labels": {},
                "name": "aws-auth",
                "namespace": "kube-system",
                "resource_version": "648",
                "uid": "ed7be0e7-f568-4229-8998-03fa73641dd0"
              }
            ]
          },
          "sensitive_attributes": [],
          "private": "bnVsbA==",
          "dependencies": [
            "module.VPC.aws_subnet.subnet-terr-1",
            "module.VPC.aws_subnet.subnet-terr-2",
            "module.VPC.aws_vpc.tf_vpc",
            "module.eks.aws_eks_cluster.eks_cluster",
            "module.eks.data.aws_eks_cluster.my_cluster",
            "module.eks.data.aws_eks_cluster_auth.my_cluster_id",
            "module.iam-policy.aws_iam_policy.eks_k8s_admin",
            "module.iam-policy.aws_iam_role.eks_role",
            "module.iam-policy.aws_iam_role_policy_attachment.eks_k8s_admin_attach",
            "module.iam-policy.aws_iam_role_policy_attachment.eks_policy_attach"
          ]
        }
      ]
    },
    {
      "module": "module.eks",
      "mode": "managed",
      "type": "null_resource",
      "name": "update_kubeconfig",
      "provider": "provider[\"registry.terraform.io/hashicorp/null\"]",
      "instances": [
        {
          "schema_version": 0,
          "attributes": {
            "id": "3106135403242781979",
            "triggers": null
          },
          "sensitive_attributes": [],
          "dependencies": [
            "module.VPC.aws_subnet.subnet-terr-1",
            "module.VPC.aws_subnet.subnet-terr-2",
            "module.VPC.aws_vpc.tf_vpc",
            "module.eks.aws_eks_cluster.eks_cluster",
            "module.iam-policy.aws_iam_policy.eks_k8s_admin",
            "module.iam-policy.aws_iam_role.eks_role",
            "module.iam-policy.aws_iam_role_policy_attachment.eks_k8s_admin_attach",
            "module.iam-policy.aws_iam_role_policy_attachment.eks_policy_attach"
          ]
        }
      ]
    },
    {
      "module": "module.iam-policy",
      "mode": "managed",
      "type": "aws_iam_policy",
      "name": "eks_k8s_admin",
      "provider": "provider[\"registry.terraform.io/hashicorp/aws\"]",
      "instances": [
        {
          "schema_version": 0,
          "attributes": {
            "arn": "arn:aws:iam::288761760029:policy/EKS-K8S-Admin",
            "attachment_count": 1,
            "description": "EKS Kubernetes Admin Access",
            "id": "arn:aws:iam::288761760029:policy/EKS-K8S-Admin",
            "name": "EKS-K8S-Admin",
            "name_prefix": "",
            "path": "/",
            "policy": "{\"Statement\":[{\"Action\":\"eks:AccessKubernetesApi\",\"Effect\":\"Allow\",\"Resource\":\"*\"}],\"Version\":\"2012-10-17\"}",
            "policy_id": "ANPAUGO4KZEOYZ4NGODV6",
            "tags": {},
            "tags_all": {}
          },
          "sensitive_attributes": [],
          "private": "bnVsbA=="
        }
      ]
    },
    {
      "module": "module.iam-policy",
      "mode": "managed",
      "type": "aws_iam_role",
      "name": "eks_role",
      "provider": "provider[\"registry.terraform.io/hashicorp/aws\"]",
      "instances": [
        {
          "schema_version": 0,
          "attributes": {
            "arn": "arn:aws:iam::288761760029:role/eks-cluster-role",
            "assume_role_policy": "{\"Statement\":[{\"Action\":[\"sts:AssumeRole\"],\"Effect\":\"Allow\",\"Principal\":{\"Service\":\"eks.amazonaws.com\"}}],\"Version\":\"2012-10-17\"}",
            "create_date": "2025-03-10T04:54:39Z",
            "description": "",
            "force_detach_policies": false,
            "id": "eks-cluster-role",
            "inline_policy": [],
            "managed_policy_arns": [
              "arn:aws:iam::288761760029:policy/EKS-K8S-Admin",
              "arn:aws:iam::aws:policy/AmazonEKSClusterPolicy"
            ],
            "max_session_duration": 3600,
            "name": "eks-cluster-role",
            "name_prefix": "",
            "path": "/",
            "permissions_boundary": "",
            "tags": {},
            "tags_all": {},
            "unique_id": "AROAUGO4KZEO54AF3QRGK"
          },
          "sensitive_attributes": [],
          "private": "bnVsbA=="
        }
      ]
    },
    {
      "module": "module.iam-policy",
      "mode": "managed",
      "type": "aws_iam_role_policy_attachment",
      "name": "eks_k8s_admin_attach",
      "provider": "provider[\"registry.terraform.io/hashicorp/aws\"]",
      "instances": [
        {
          "schema_version": 0,
          "attributes": {
            "id": "eks-cluster-role-20250310045447288100000005",
            "policy_arn": "arn:aws:iam::288761760029:policy/EKS-K8S-Admin",
            "role": "eks-cluster-role"
          },
          "sensitive_attributes": [],
          "private": "bnVsbA==",
          "dependencies": [
            "module.iam-policy.aws_iam_policy.eks_k8s_admin",
            "module.iam-policy.aws_iam_role.eks_role"
          ]
        }
      ]
    },
    {
      "module": "module.iam-policy",
      "mode": "managed",
      "type": "aws_iam_role_policy_attachment",
      "name": "eks_policy_attach",
      "provider": "provider[\"registry.terraform.io/hashicorp/aws\"]",
      "instances": [
        {
          "schema_version": 0,
          "attributes": {
            "id": "eks-cluster-role-20250310045446596100000001",
            "policy_arn": "arn:aws:iam::aws:policy/AmazonEKSClusterPolicy",
            "role": "eks-cluster-role"
          },
          "sensitive_attributes": [],
          "private": "bnVsbA==",
          "dependencies": [
            "module.iam-policy.aws_iam_role.eks_role"
          ]
        }
      ]
    }
  ],
  "check_results": null
}
