{
  "version": 4,
  "terraform_version": "1.7.2",
  "serial": 430,
  "lineage": "fcc2126f-6be8-bf79-a9a1-594718dff3e9",
  "outputs": {},
  "resources": [
    {
      "module": "module.AWS-Ingress-loadbalancer",
      "mode": "managed",
      "type": "aws_iam_policy",
      "name": "alb_controller_policy",
      "provider": "provider[\"registry.terraform.io/hashicorp/aws\"]",
      "instances": [
        {
          "schema_version": 0,
          "attributes": {
            "arn": "arn:aws:iam::288761760029:policy/AWSLoadBalancerControllerIAMPolicy",
            "attachment_count": 1,
            "description": "IAM policy for ALB Controller",
            "id": "arn:aws:iam::288761760029:policy/AWSLoadBalancerControllerIAMPolicy",
            "name": "AWSLoadBalancerControllerIAMPolicy",
            "name_prefix": "",
            "path": "/",
            "policy": "{\"Statement\":[{\"Action\":[\"acm:DescribeCertificate\",\"acm:ListCertificates\",\"acm:GetCertificate\",\"ec2:DescribeAccountAttributes\",\"ec2:DescribeAddresses\",\"ec2:DescribeAvailabilityZones\",\"ec2:DescribeInternetGateways\",\"ec2:DescribeVpcs\",\"ec2:DescribeSubnets\",\"ec2:DescribeSecurityGroups\",\"ec2:DescribeInstances\",\"ec2:DescribeNetworkInterfaces\",\"ec2:DescribeTags\",\"ec2:GetCoipPoolUsage\",\"ec2:DescribeCoipPools\",\"elasticloadbalancing:DescribeLoadBalancers\",\"elasticloadbalancing:DescribeLoadBalancerAttributes\",\"elasticloadbalancing:DescribeListeners\",\"elasticloadbalancing:DescribeListenerCertificates\",\"elasticloadbalancing:DescribeSSLPolicies\",\"elasticloadbalancing:DescribeRules\",\"elasticloadbalancing:DescribeTargetGroups\",\"elasticloadbalancing:DescribeTargetGroupAttributes\",\"elasticloadbalancing:DescribeTargetHealth\",\"elasticloadbalancing:DescribeTags\"],\"Effect\":\"Allow\",\"Resource\":\"*\"},{\"Action\":[\"cognito-idp:DescribeUserPoolClient\",\"acm:ListCertificates\",\"acm:GetCertificate\",\"iam:ListServerCertificates\",\"iam:GetServerCertificate\",\"waf-regional:GetWebACL\",\"waf-regional:GetWebACLForResource\",\"waf-regional:AssociateWebACL\",\"waf-regional:DisassociateWebACL\",\"wafv2:GetWebACL\",\"wafv2:GetWebACLForResource\",\"wafv2:AssociateWebACL\",\"wafv2:DisassociateWebACL\",\"shield:GetSubscriptionState\",\"shield:DescribeProtection\",\"shield:CreateProtection\",\"shield:DeleteProtection\"],\"Effect\":\"Allow\",\"Resource\":\"*\"},{\"Action\":[\"ec2:AuthorizeSecurityGroupIngress\",\"ec2:RevokeSecurityGroupIngress\"],\"Effect\":\"Allow\",\"Resource\":\"*\"},{\"Action\":[\"ec2:CreateSecurityGroup\"],\"Effect\":\"Allow\",\"Resource\":\"*\"},{\"Action\":[\"ec2:CreateTags\"],\"Condition\":{\"StringEquals\":{\"ec2:CreateAction\":\"CreateSecurityGroup\"}},\"Effect\":\"Allow\",\"Resource\":\"arn:aws:ec2:*:*:security-group/*\"},{\"Action\":[\"ec2:CreateTags\",\"ec2:DeleteTags\"],\"Effect\":\"Allow\",\"Resource\":[\"arn:aws:ec2:*:*:security-group/*\",\"arn:aws:ec2:*:*:subnet/*\",\"arn:aws:ec2:*:*:vpc/*\"]},{\"Action\":[\"elasticloadbalancing:CreateLoadBalancer\",\"elasticloadbalancing:CreateTargetGroup\"],\"Effect\":\"Allow\",\"Resource\":\"*\"},{\"Action\":[\"elasticloadbalancing:CreateListener\",\"elasticloadbalancing:DeleteListener\",\"elasticloadbalancing:CreateRule\",\"elasticloadbalancing:DeleteRule\"],\"Effect\":\"Allow\",\"Resource\":\"*\"},{\"Action\":[\"elasticloadbalancing:AddTags\",\"elasticloadbalancing:RemoveTags\"],\"Effect\":\"Allow\",\"Resource\":[\"arn:aws:elasticloadbalancing:*:*:targetgroup/*/*\",\"arn:aws:elasticloadbalancing:*:*:loadbalancer/net/*/*\",\"arn:aws:elasticloadbalancing:*:*:loadbalancer/app/*/*\"]},{\"Action\":[\"elasticloadbalancing:ModifyLoadBalancerAttributes\",\"elasticloadbalancing:SetIpAddressType\",\"elasticloadbalancing:SetSecurityGroups\",\"elasticloadbalancing:SetSubnets\",\"elasticloadbalancing:DeleteLoadBalancer\",\"elasticloadbalancing:ModifyTargetGroup\",\"elasticloadbalancing:ModifyTargetGroupAttributes\",\"elasticloadbalancing:DeleteTargetGroup\"],\"Effect\":\"Allow\",\"Resource\":\"*\"},{\"Action\":[\"elasticloadbalancing:RegisterTargets\",\"elasticloadbalancing:DeregisterTargets\"],\"Effect\":\"Allow\",\"Resource\":\"arn:aws:elasticloadbalancing:*:*:targetgroup/*/*\"}],\"Version\":\"2012-10-17\"}",
            "policy_id": "ANPAUGO4KZEOX67EYHFQA",
            "tags": {},
            "tags_all": {}
          },
          "sensitive_attributes": [],
          "private": "bnVsbA=="
        }
      ]
    },
    {
      "module": "module.AWS-Ingress-loadbalancer",
      "mode": "managed",
      "type": "aws_iam_role_policy_attachment",
      "name": "alb_controller_attach",
      "provider": "provider[\"registry.terraform.io/hashicorp/aws\"]",
      "instances": [
        {
          "schema_version": 0,
          "attributes": {
            "id": "eks-node-group-role-20250227103247737900000001",
            "policy_arn": "arn:aws:iam::288761760029:policy/AWSLoadBalancerControllerIAMPolicy",
            "role": "eks-node-group-role"
          },
          "sensitive_attributes": [],
          "private": "bnVsbA==",
          "dependencies": [
            "module.AWS-Ingress-loadbalancer.aws_iam_policy.alb_controller_policy",
            "module.eks.aws_iam_role.node_group_role"
          ]
        }
      ]
    },
    {
      "module": "module.AWS-Ingress-loadbalancer",
      "mode": "managed",
      "type": "null_resource",
      "name": "alb_crds",
      "provider": "provider[\"registry.terraform.io/hashicorp/null\"]",
      "instances": [
        {
          "schema_version": 0,
          "attributes": {
            "id": "5627730186399686782",
            "triggers": null
          },
          "sensitive_attributes": []
        }
      ]
    },
    {
      "module": "module.VPC",
      "mode": "managed",
      "type": "aws_internet_gateway",
      "name": "igw",
      "provider": "provider[\"registry.terraform.io/hashicorp/aws\"]",
      "instances": [
        {
          "schema_version": 0,
          "attributes": {
            "arn": "arn:aws:ec2:ap-south-1:288761760029:internet-gateway/igw-04e14b7730cfe2915",
            "id": "igw-04e14b7730cfe2915",
            "owner_id": "288761760029",
            "tags": {
              "Name": "MyIGW"
            },
            "tags_all": {
              "Name": "MyIGW"
            },
            "timeouts": null,
            "vpc_id": "vpc-0f6c90d59dbba2383"
          },
          "sensitive_attributes": [],
          "private": "eyJlMmJmYjczMC1lY2FhLTExZTYtOGY4OC0zNDM2M2JjN2M0YzAiOnsiY3JlYXRlIjoxMjAwMDAwMDAwMDAwLCJkZWxldGUiOjEyMDAwMDAwMDAwMDAsInVwZGF0ZSI6MTIwMDAwMDAwMDAwMH19",
          "dependencies": [
            "module.VPC.aws_vpc.tf_vpc",
            "module.iam-policy.aws_iam_policy.eks_k8s_admin",
            "module.iam-policy.aws_iam_role.eks_role",
            "module.iam-policy.aws_iam_role_policy_attachment.eks_k8s_admin_attach",
            "module.iam-policy.aws_iam_role_policy_attachment.eks_policy_attach"
          ]
        }
      ]
    },
    {
      "module": "module.VPC",
      "mode": "managed",
      "type": "aws_route",
      "name": "public_rt",
      "provider": "provider[\"registry.terraform.io/hashicorp/aws\"]",
      "instances": [
        {
          "schema_version": 0,
          "attributes": {
            "carrier_gateway_id": "",
            "core_network_arn": "",
            "destination_cidr_block": "0.0.0.0/0",
            "destination_ipv6_cidr_block": "",
            "destination_prefix_list_id": "",
            "egress_only_gateway_id": "",
            "gateway_id": "igw-04e14b7730cfe2915",
            "id": "r-rtb-0527a59c7b16d37b91080289494",
            "instance_id": "",
            "instance_owner_id": "",
            "local_gateway_id": "",
            "nat_gateway_id": "",
            "network_interface_id": "",
            "origin": "CreateRoute",
            "route_table_id": "rtb-0527a59c7b16d37b9",
            "state": "active",
            "timeouts": null,
            "transit_gateway_id": "",
            "vpc_endpoint_id": "",
            "vpc_peering_connection_id": ""
          },
          "sensitive_attributes": [],
          "private": "eyJlMmJmYjczMC1lY2FhLTExZTYtOGY4OC0zNDM2M2JjN2M0YzAiOnsiY3JlYXRlIjozMDAwMDAwMDAwMDAsImRlbGV0ZSI6MzAwMDAwMDAwMDAwLCJ1cGRhdGUiOjEyMDAwMDAwMDAwMH19",
          "dependencies": [
            "module.VPC.aws_internet_gateway.igw",
            "module.VPC.aws_route_table.public_rt",
            "module.VPC.aws_vpc.tf_vpc",
            "module.iam-policy.aws_iam_policy.eks_k8s_admin",
            "module.iam-policy.aws_iam_role.eks_role",
            "module.iam-policy.aws_iam_role_policy_attachment.eks_k8s_admin_attach",
            "module.iam-policy.aws_iam_role_policy_attachment.eks_policy_attach"
          ]
        }
      ]
    },
    {
      "module": "module.VPC",
      "mode": "managed",
      "type": "aws_route_table",
      "name": "private_rt",
      "provider": "provider[\"registry.terraform.io/hashicorp/aws\"]",
      "instances": [
        {
          "schema_version": 0,
          "attributes": {
            "arn": "arn:aws:ec2:ap-south-1:288761760029:route-table/rtb-0c17f49d69464fdee",
            "id": "rtb-0c17f49d69464fdee",
            "owner_id": "288761760029",
            "propagating_vgws": [],
            "route": [],
            "tags": {
              "name": "private-rout-table"
            },
            "tags_all": {
              "name": "private-rout-table"
            },
            "timeouts": null,
            "vpc_id": "vpc-0f6c90d59dbba2383"
          },
          "sensitive_attributes": [],
          "private": "eyJlMmJmYjczMC1lY2FhLTExZTYtOGY4OC0zNDM2M2JjN2M0YzAiOnsiY3JlYXRlIjozMDAwMDAwMDAwMDAsImRlbGV0ZSI6MzAwMDAwMDAwMDAwLCJ1cGRhdGUiOjEyMDAwMDAwMDAwMH19",
          "dependencies": [
            "module.VPC.aws_vpc.tf_vpc",
            "module.iam-policy.aws_iam_policy.eks_k8s_admin",
            "module.iam-policy.aws_iam_role.eks_role",
            "module.iam-policy.aws_iam_role_policy_attachment.eks_k8s_admin_attach",
            "module.iam-policy.aws_iam_role_policy_attachment.eks_policy_attach"
          ]
        }
      ]
    },
    {
      "module": "module.VPC",
      "mode": "managed",
      "type": "aws_route_table",
      "name": "public_rt",
      "provider": "provider[\"registry.terraform.io/hashicorp/aws\"]",
      "instances": [
        {
          "schema_version": 0,
          "attributes": {
            "arn": "arn:aws:ec2:ap-south-1:288761760029:route-table/rtb-0527a59c7b16d37b9",
            "id": "rtb-0527a59c7b16d37b9",
            "owner_id": "288761760029",
            "propagating_vgws": [],
            "route": [
              {
                "carrier_gateway_id": "",
                "cidr_block": "0.0.0.0/0",
                "core_network_arn": "",
                "destination_prefix_list_id": "",
                "egress_only_gateway_id": "",
                "gateway_id": "igw-04e14b7730cfe2915",
                "ipv6_cidr_block": "",
                "local_gateway_id": "",
                "nat_gateway_id": "",
                "network_interface_id": "",
                "transit_gateway_id": "",
                "vpc_endpoint_id": "",
                "vpc_peering_connection_id": ""
              }
            ],
            "tags": {
              "name": "public-rout-table"
            },
            "tags_all": {
              "name": "public-rout-table"
            },
            "timeouts": null,
            "vpc_id": "vpc-0f6c90d59dbba2383"
          },
          "sensitive_attributes": [],
          "private": "eyJlMmJmYjczMC1lY2FhLTExZTYtOGY4OC0zNDM2M2JjN2M0YzAiOnsiY3JlYXRlIjozMDAwMDAwMDAwMDAsImRlbGV0ZSI6MzAwMDAwMDAwMDAwLCJ1cGRhdGUiOjEyMDAwMDAwMDAwMH19",
          "dependencies": [
            "module.VPC.aws_vpc.tf_vpc",
            "module.iam-policy.aws_iam_policy.eks_k8s_admin",
            "module.iam-policy.aws_iam_role.eks_role",
            "module.iam-policy.aws_iam_role_policy_attachment.eks_k8s_admin_attach",
            "module.iam-policy.aws_iam_role_policy_attachment.eks_policy_attach"
          ]
        }
      ]
    },
    {
      "module": "module.VPC",
      "mode": "managed",
      "type": "aws_route_table_association",
      "name": "rt-association",
      "provider": "provider[\"registry.terraform.io/hashicorp/aws\"]",
      "instances": [
        {
          "schema_version": 0,
          "attributes": {
            "gateway_id": "",
            "id": "rtbassoc-0f603483f66c8ecd2",
            "route_table_id": "rtb-0527a59c7b16d37b9",
            "subnet_id": "subnet-004fd14890f48a179",
            "timeouts": null
          },
          "sensitive_attributes": [],
          "private": "eyJlMmJmYjczMC1lY2FhLTExZTYtOGY4OC0zNDM2M2JjN2M0YzAiOnsiY3JlYXRlIjozMDAwMDAwMDAwMDAsImRlbGV0ZSI6MzAwMDAwMDAwMDAwLCJ1cGRhdGUiOjEyMDAwMDAwMDAwMH19",
          "dependencies": [
            "module.VPC.aws_route_table.public_rt",
            "module.VPC.aws_subnet.subnet-terr-1",
            "module.VPC.aws_vpc.tf_vpc",
            "module.iam-policy.aws_iam_policy.eks_k8s_admin",
            "module.iam-policy.aws_iam_role.eks_role",
            "module.iam-policy.aws_iam_role_policy_attachment.eks_k8s_admin_attach",
            "module.iam-policy.aws_iam_role_policy_attachment.eks_policy_attach"
          ]
        }
      ]
    },
    {
      "module": "module.VPC",
      "mode": "managed",
      "type": "aws_route_table_association",
      "name": "rt-association-to-private-subnet",
      "provider": "provider[\"registry.terraform.io/hashicorp/aws\"]",
      "instances": [
        {
          "schema_version": 0,
          "attributes": {
            "gateway_id": "",
            "id": "rtbassoc-055f0941e81f933c6",
            "route_table_id": "rtb-0c17f49d69464fdee",
            "subnet_id": "subnet-01859fa1cd31a5179",
            "timeouts": null
          },
          "sensitive_attributes": [],
          "private": "eyJlMmJmYjczMC1lY2FhLTExZTYtOGY4OC0zNDM2M2JjN2M0YzAiOnsiY3JlYXRlIjozMDAwMDAwMDAwMDAsImRlbGV0ZSI6MzAwMDAwMDAwMDAwLCJ1cGRhdGUiOjEyMDAwMDAwMDAwMH19",
          "dependencies": [
            "module.VPC.aws_route_table.private_rt",
            "module.VPC.aws_subnet.private-subnet-terr-2",
            "module.VPC.aws_vpc.tf_vpc",
            "module.iam-policy.aws_iam_policy.eks_k8s_admin",
            "module.iam-policy.aws_iam_role.eks_role",
            "module.iam-policy.aws_iam_role_policy_attachment.eks_k8s_admin_attach",
            "module.iam-policy.aws_iam_role_policy_attachment.eks_policy_attach"
          ]
        }
      ]
    },
    {
      "module": "module.VPC",
      "mode": "managed",
      "type": "aws_route_table_association",
      "name": "rt-association-to-public-subnet",
      "provider": "provider[\"registry.terraform.io/hashicorp/aws\"]",
      "instances": [
        {
          "schema_version": 0,
          "attributes": {
            "gateway_id": "",
            "id": "rtbassoc-0b85e5a49e1b43aab",
            "route_table_id": "rtb-0527a59c7b16d37b9",
            "subnet_id": "subnet-05b403e01ad3ee846",
            "timeouts": null
          },
          "sensitive_attributes": [],
          "private": "eyJlMmJmYjczMC1lY2FhLTExZTYtOGY4OC0zNDM2M2JjN2M0YzAiOnsiY3JlYXRlIjozMDAwMDAwMDAwMDAsImRlbGV0ZSI6MzAwMDAwMDAwMDAwLCJ1cGRhdGUiOjEyMDAwMDAwMDAwMH19",
          "dependencies": [
            "module.VPC.aws_route_table.public_rt",
            "module.VPC.aws_subnet.subnet-terr-2",
            "module.VPC.aws_vpc.tf_vpc",
            "module.iam-policy.aws_iam_policy.eks_k8s_admin",
            "module.iam-policy.aws_iam_role.eks_role",
            "module.iam-policy.aws_iam_role_policy_attachment.eks_k8s_admin_attach",
            "module.iam-policy.aws_iam_role_policy_attachment.eks_policy_attach"
          ]
        }
      ]
    },
    {
      "module": "module.VPC",
      "mode": "managed",
      "type": "aws_subnet",
      "name": "private-subnet-terr-2",
      "provider": "provider[\"registry.terraform.io/hashicorp/aws\"]",
      "instances": [
        {
          "schema_version": 1,
          "attributes": {
            "arn": "arn:aws:ec2:ap-south-1:288761760029:subnet/subnet-01859fa1cd31a5179",
            "assign_ipv6_address_on_creation": false,
            "availability_zone": "ap-south-1b",
            "availability_zone_id": "aps1-az3",
            "cidr_block": "10.0.2.0/24",
            "customer_owned_ipv4_pool": "",
            "enable_dns64": false,
            "enable_lni_at_device_index": 0,
            "enable_resource_name_dns_a_record_on_launch": false,
            "enable_resource_name_dns_aaaa_record_on_launch": false,
            "id": "subnet-01859fa1cd31a5179",
            "ipv6_cidr_block": "",
            "ipv6_cidr_block_association_id": "",
            "ipv6_native": false,
            "map_customer_owned_ip_on_launch": false,
            "map_public_ip_on_launch": false,
            "outpost_arn": "",
            "owner_id": "288761760029",
            "private_dns_hostname_type_on_launch": "ip-name",
            "tags": {
              "Name": "private-subnet-terr-2"
            },
            "tags_all": {
              "Name": "private-subnet-terr-2"
            },
            "timeouts": null,
            "vpc_id": "vpc-0f6c90d59dbba2383"
          },
          "sensitive_attributes": [],
          "private": "eyJlMmJmYjczMC1lY2FhLTExZTYtOGY4OC0zNDM2M2JjN2M0YzAiOnsiY3JlYXRlIjo2MDAwMDAwMDAwMDAsImRlbGV0ZSI6MTIwMDAwMDAwMDAwMH0sInNjaGVtYV92ZXJzaW9uIjoiMSJ9",
          "dependencies": [
            "module.VPC.aws_vpc.tf_vpc",
            "module.iam-policy.aws_iam_policy.eks_k8s_admin",
            "module.iam-policy.aws_iam_role.eks_role",
            "module.iam-policy.aws_iam_role_policy_attachment.eks_k8s_admin_attach",
            "module.iam-policy.aws_iam_role_policy_attachment.eks_policy_attach"
          ]
        }
      ]
    },
    {
      "module": "module.VPC",
      "mode": "managed",
      "type": "aws_subnet",
      "name": "subnet-terr-1",
      "provider": "provider[\"registry.terraform.io/hashicorp/aws\"]",
      "instances": [
        {
          "schema_version": 1,
          "attributes": {
            "arn": "arn:aws:ec2:ap-south-1:288761760029:subnet/subnet-004fd14890f48a179",
            "assign_ipv6_address_on_creation": false,
            "availability_zone": "ap-south-1a",
            "availability_zone_id": "aps1-az1",
            "cidr_block": "10.0.0.0/24",
            "customer_owned_ipv4_pool": "",
            "enable_dns64": false,
            "enable_lni_at_device_index": 0,
            "enable_resource_name_dns_a_record_on_launch": false,
            "enable_resource_name_dns_aaaa_record_on_launch": false,
            "id": "subnet-004fd14890f48a179",
            "ipv6_cidr_block": "",
            "ipv6_cidr_block_association_id": "",
            "ipv6_native": false,
            "map_customer_owned_ip_on_launch": false,
            "map_public_ip_on_launch": true,
            "outpost_arn": "",
            "owner_id": "288761760029",
            "private_dns_hostname_type_on_launch": "ip-name",
            "tags": {
              "Name": "subnet-terr-1"
            },
            "tags_all": {
              "Name": "subnet-terr-1"
            },
            "timeouts": null,
            "vpc_id": "vpc-0f6c90d59dbba2383"
          },
          "sensitive_attributes": [],
          "private": "eyJlMmJmYjczMC1lY2FhLTExZTYtOGY4OC0zNDM2M2JjN2M0YzAiOnsiY3JlYXRlIjo2MDAwMDAwMDAwMDAsImRlbGV0ZSI6MTIwMDAwMDAwMDAwMH0sInNjaGVtYV92ZXJzaW9uIjoiMSJ9",
          "dependencies": [
            "module.VPC.aws_vpc.tf_vpc",
            "module.iam-policy.aws_iam_policy.eks_k8s_admin",
            "module.iam-policy.aws_iam_role.eks_role",
            "module.iam-policy.aws_iam_role_policy_attachment.eks_k8s_admin_attach",
            "module.iam-policy.aws_iam_role_policy_attachment.eks_policy_attach"
          ]
        }
      ]
    },
    {
      "module": "module.VPC",
      "mode": "managed",
      "type": "aws_subnet",
      "name": "subnet-terr-2",
      "provider": "provider[\"registry.terraform.io/hashicorp/aws\"]",
      "instances": [
        {
          "schema_version": 1,
          "attributes": {
            "arn": "arn:aws:ec2:ap-south-1:288761760029:subnet/subnet-05b403e01ad3ee846",
            "assign_ipv6_address_on_creation": false,
            "availability_zone": "ap-south-1b",
            "availability_zone_id": "aps1-az3",
            "cidr_block": "10.0.1.0/24",
            "customer_owned_ipv4_pool": "",
            "enable_dns64": false,
            "enable_lni_at_device_index": 0,
            "enable_resource_name_dns_a_record_on_launch": false,
            "enable_resource_name_dns_aaaa_record_on_launch": false,
            "id": "subnet-05b403e01ad3ee846",
            "ipv6_cidr_block": "",
            "ipv6_cidr_block_association_id": "",
            "ipv6_native": false,
            "map_customer_owned_ip_on_launch": false,
            "map_public_ip_on_launch": true,
            "outpost_arn": "",
            "owner_id": "288761760029",
            "private_dns_hostname_type_on_launch": "ip-name",
            "tags": {
              "Name": "subnet-terr-2"
            },
            "tags_all": {
              "Name": "subnet-terr-2"
            },
            "timeouts": null,
            "vpc_id": "vpc-0f6c90d59dbba2383"
          },
          "sensitive_attributes": [],
          "private": "eyJlMmJmYjczMC1lY2FhLTExZTYtOGY4OC0zNDM2M2JjN2M0YzAiOnsiY3JlYXRlIjo2MDAwMDAwMDAwMDAsImRlbGV0ZSI6MTIwMDAwMDAwMDAwMH0sInNjaGVtYV92ZXJzaW9uIjoiMSJ9",
          "dependencies": [
            "module.VPC.aws_vpc.tf_vpc",
            "module.iam-policy.aws_iam_policy.eks_k8s_admin",
            "module.iam-policy.aws_iam_role.eks_role",
            "module.iam-policy.aws_iam_role_policy_attachment.eks_k8s_admin_attach",
            "module.iam-policy.aws_iam_role_policy_attachment.eks_policy_attach"
          ]
        }
      ]
    },
    {
      "module": "module.VPC",
      "mode": "managed",
      "type": "aws_vpc",
      "name": "tf_vpc",
      "provider": "provider[\"registry.terraform.io/hashicorp/aws\"]",
      "instances": [
        {
          "schema_version": 1,
          "attributes": {
            "arn": "arn:aws:ec2:ap-south-1:288761760029:vpc/vpc-0f6c90d59dbba2383",
            "assign_generated_ipv6_cidr_block": false,
            "cidr_block": "10.0.0.0/16",
            "default_network_acl_id": "acl-07d9446e8a2c58e69",
            "default_route_table_id": "rtb-0c0c7668cf1f62398",
            "default_security_group_id": "sg-0be12730a60cc665c",
            "dhcp_options_id": "dopt-0eb36c1f397d9259d",
            "enable_dns_hostnames": false,
            "enable_dns_support": true,
            "enable_network_address_usage_metrics": false,
            "id": "vpc-0f6c90d59dbba2383",
            "instance_tenancy": "default",
            "ipv4_ipam_pool_id": null,
            "ipv4_netmask_length": null,
            "ipv6_association_id": "",
            "ipv6_cidr_block": "",
            "ipv6_cidr_block_network_border_group": "",
            "ipv6_ipam_pool_id": "",
            "ipv6_netmask_length": 0,
            "main_route_table_id": "rtb-0c0c7668cf1f62398",
            "owner_id": "288761760029",
            "tags": {},
            "tags_all": {}
          },
          "sensitive_attributes": [],
          "private": "eyJzY2hlbWFfdmVyc2lvbiI6IjEifQ==",
          "dependencies": [
            "module.iam-policy.aws_iam_policy.eks_k8s_admin",
            "module.iam-policy.aws_iam_role.eks_role",
            "module.iam-policy.aws_iam_role_policy_attachment.eks_k8s_admin_attach",
            "module.iam-policy.aws_iam_role_policy_attachment.eks_policy_attach"
          ]
        }
      ]
    },
    {
      "module": "module.eks",
      "mode": "data",
      "type": "aws_eks_cluster",
      "name": "my_cluster",
      "provider": "provider[\"registry.terraform.io/hashicorp/aws\"]",
      "instances": [
        {
          "schema_version": 0,
          "attributes": {
            "access_config": [
              {
                "authentication_mode": "CONFIG_MAP",
                "bootstrap_cluster_creator_admin_permissions": true
              }
            ],
            "arn": "arn:aws:eks:ap-south-1:288761760029:cluster/my-eks-cluster",
            "certificate_authority": [
              {
                "data": "LS0tLS1CRUdJTiBDRVJUSUZJQ0FURS0tLS0tCk1JSURCVENDQWUyZ0F3SUJBZ0lJV1FRYVF0THBXTnd3RFFZSktvWklodmNOQVFFTEJRQXdGVEVUTUJFR0ExVUUKQXhNS2EzVmlaWEp1WlhSbGN6QWVGdzB5TlRBeU1qY3dPVEF3TURoYUZ3MHpOVEF5TWpVd09UQTFNRGhhTUJVeApFekFSQmdOVkJBTVRDbXQxWW1WeWJtVjBaWE13Z2dFaU1BMEdDU3FHU0liM0RRRUJBUVVBQTRJQkR3QXdnZ0VLCkFvSUJBUUM0WnFrWHo2YlNXeEdJb3FnL0tHYjc0RnhCMWw1cWlFTjhrOE9neEw3Z3hYaVVKVzMzeDZjb3pXcVIKMlJ2K0dwblgxUlFadUI1L1YwR3pDSTBhTjhCWmFaT0RXeFgvQmx6cFVtY2FXLzF4SGFZU1N2cXVOeC9pT3F4dgpUTXl6azd1azlycGo4QklZOEV2RWkxaVpmUExyWXBTcEpXeGxVL21BalhPRWhnalYreThrcElNUElDZndKemFBCllZdUVXd1gzQjdGbWZ5cURTb0w4K0NvOTRoa3JSYUtnQjQ0dzcxbkxLZnNOM2tualczeDJ5d0QydkZEeWMrU2QKb1lWdXFDNHpGc0Y5MFhiWWNvSlU1MlRsd2dDUm9Ia0s0UTZ1Nk1hc295bVU5YjJYdFFiQUZISFBCby9aSnlyeQprcHIxR1Q4OGdCNnowN2x2S2RBR1crOW92ZjJwQWdNQkFBR2pXVEJYTUE0R0ExVWREd0VCL3dRRUF3SUNwREFQCkJnTlZIUk1CQWY4RUJUQURBUUgvTUIwR0ExVWREZ1FXQkJTOHMyUis5a0d1Zm11K0VYWmRXeFNqSmtFQVRUQVYKQmdOVkhSRUVEakFNZ2dwcmRXSmxjbTVsZEdWek1BMEdDU3FHU0liM0RRRUJDd1VBQTRJQkFRQ3JUYW5hR21xUwozTUNNOExZUXA4U1BHWldTSW1oUm4wU2FuN1Zxc1dFNmJXa2EwNEpXZDFCa1dBdG53RUtZb29wWmlsbkhNaGpmCkhTWFpnbWdoeXBnN3dUbVFZUHNIbGswV0c0ZDdqbXJZc1NMdXg1NC9XNk1Wek0xQXRMd1BCVDBrcjBKOEU5dGsKYkFyMmpBZ2JKdkpqcGV3aytvUW95TDdvVE1YeEpYa0R6Q0h1WHFTOUpGc20rV0czTkZZV01sb3k1SzdmWC9xUApNd1JBbXJUUExaTlNnN080a1dpWGYxSUg1ZENYL3FCRWUwZ05aRnA4YTdKOTQrZmNubzZOVEd6VmIvRm1SNzJrCk56U1N0UzFYdVZEUVVlS2h0RkdLUlRiL3BvSStYZWNGY0JwQmVCbHZUWjlJa1VKSzFqYUhyOEpDcmpYWGtBd2oKeXBUMWhTdUJSWnZoCi0tLS0tRU5EIENFUlRJRklDQVRFLS0tLS0K"
              }
            ],
            "cluster_id": null,
            "compute_config": [],
            "created_at": "2025-02-27T09:00:45Z",
            "enabled_cluster_log_types": [],
            "endpoint": "https://7A5D69C243F05E0219D5829A54D12F56.gr7.ap-south-1.eks.amazonaws.com",
            "id": "my-eks-cluster",
            "identity": [
              {
                "oidc": [
                  {
                    "issuer": "https://oidc.eks.ap-south-1.amazonaws.com/id/7A5D69C243F05E0219D5829A54D12F56"
                  }
                ]
              }
            ],
            "kubernetes_network_config": [
              {
                "elastic_load_balancing": [
                  {
                    "enabled": false
                  }
                ],
                "ip_family": "ipv4",
                "service_ipv4_cidr": "172.20.0.0/16",
                "service_ipv6_cidr": ""
              }
            ],
            "name": "my-eks-cluster",
            "outpost_config": [],
            "platform_version": "eks.19",
            "remote_network_config": [],
            "role_arn": "arn:aws:iam::288761760029:role/eks-cluster-role",
            "status": "ACTIVE",
            "storage_config": [],
            "tags": {},
            "upgrade_policy": [
              {
                "support_type": "EXTENDED"
              }
            ],
            "version": "1.31",
            "vpc_config": [
              {
                "cluster_security_group_id": "sg-00e11154bbe850831",
                "endpoint_private_access": false,
                "endpoint_public_access": true,
                "public_access_cidrs": [
                  "0.0.0.0/0"
                ],
                "security_group_ids": [],
                "subnet_ids": [
                  "subnet-004fd14890f48a179",
                  "subnet-05b403e01ad3ee846"
                ],
                "vpc_id": "vpc-0f6c90d59dbba2383"
              }
            ],
            "zonal_shift_config": []
          },
          "sensitive_attributes": []
        }
      ]
    },
    {
      "module": "module.eks",
      "mode": "data",
      "type": "aws_eks_cluster_auth",
      "name": "my_cluster_id",
      "provider": "provider[\"registry.terraform.io/hashicorp/aws\"]",
      "instances": [
        {
          "schema_version": 0,
          "attributes": {
            "id": "my-eks-cluster",
            "name": "my-eks-cluster",
            "token": "k8s-aws-v1.aHR0cHM6Ly9zdHMuYXAtc291dGgtMS5hbWF6b25hd3MuY29tLz9BY3Rpb249R2V0Q2FsbGVySWRlbnRpdHkmVmVyc2lvbj0yMDExLTA2LTE1JlgtQW16LUFsZ29yaXRobT1BV1M0LUhNQUMtU0hBMjU2JlgtQW16LUNyZWRlbnRpYWw9QUtJQVVHTzRLWkVPWkVWQVdTRjQlMkYyMDI1MDIyNyUyRmFwLXNvdXRoLTElMkZzdHMlMkZhd3M0X3JlcXVlc3QmWC1BbXotRGF0ZT0yMDI1MDIyN1QxMTAzNTFaJlgtQW16LUV4cGlyZXM9MCZYLUFtei1TaWduZWRIZWFkZXJzPWhvc3QlM0J4LWs4cy1hd3MtaWQmWC1BbXotU2lnbmF0dXJlPTA4OTNiOWM4ODE1MDQ0NzI0MjAzYjFiNmE0MDk1ODg3OTU3MjhiODA5NzVmMTY1ZWIwMWY4YTEyMmRjZThhZmM"
          },
          "sensitive_attributes": []
        }
      ]
    },
    {
      "module": "module.eks",
      "mode": "managed",
      "type": "aws_eks_cluster",
      "name": "eks_cluster",
      "provider": "provider[\"registry.terraform.io/hashicorp/aws\"]",
      "instances": [
        {
          "schema_version": 1,
          "attributes": {
            "access_config": [
              {
                "authentication_mode": "CONFIG_MAP",
                "bootstrap_cluster_creator_admin_permissions": true
              }
            ],
            "arn": "arn:aws:eks:ap-south-1:288761760029:cluster/my-eks-cluster",
            "bootstrap_self_managed_addons": true,
            "certificate_authority": [
              {
                "data": "LS0tLS1CRUdJTiBDRVJUSUZJQ0FURS0tLS0tCk1JSURCVENDQWUyZ0F3SUJBZ0lJV1FRYVF0THBXTnd3RFFZSktvWklodmNOQVFFTEJRQXdGVEVUTUJFR0ExVUUKQXhNS2EzVmlaWEp1WlhSbGN6QWVGdzB5TlRBeU1qY3dPVEF3TURoYUZ3MHpOVEF5TWpVd09UQTFNRGhhTUJVeApFekFSQmdOVkJBTVRDbXQxWW1WeWJtVjBaWE13Z2dFaU1BMEdDU3FHU0liM0RRRUJBUVVBQTRJQkR3QXdnZ0VLCkFvSUJBUUM0WnFrWHo2YlNXeEdJb3FnL0tHYjc0RnhCMWw1cWlFTjhrOE9neEw3Z3hYaVVKVzMzeDZjb3pXcVIKMlJ2K0dwblgxUlFadUI1L1YwR3pDSTBhTjhCWmFaT0RXeFgvQmx6cFVtY2FXLzF4SGFZU1N2cXVOeC9pT3F4dgpUTXl6azd1azlycGo4QklZOEV2RWkxaVpmUExyWXBTcEpXeGxVL21BalhPRWhnalYreThrcElNUElDZndKemFBCllZdUVXd1gzQjdGbWZ5cURTb0w4K0NvOTRoa3JSYUtnQjQ0dzcxbkxLZnNOM2tualczeDJ5d0QydkZEeWMrU2QKb1lWdXFDNHpGc0Y5MFhiWWNvSlU1MlRsd2dDUm9Ia0s0UTZ1Nk1hc295bVU5YjJYdFFiQUZISFBCby9aSnlyeQprcHIxR1Q4OGdCNnowN2x2S2RBR1crOW92ZjJwQWdNQkFBR2pXVEJYTUE0R0ExVWREd0VCL3dRRUF3SUNwREFQCkJnTlZIUk1CQWY4RUJUQURBUUgvTUIwR0ExVWREZ1FXQkJTOHMyUis5a0d1Zm11K0VYWmRXeFNqSmtFQVRUQVYKQmdOVkhSRUVEakFNZ2dwcmRXSmxjbTVsZEdWek1BMEdDU3FHU0liM0RRRUJDd1VBQTRJQkFRQ3JUYW5hR21xUwozTUNNOExZUXA4U1BHWldTSW1oUm4wU2FuN1Zxc1dFNmJXa2EwNEpXZDFCa1dBdG53RUtZb29wWmlsbkhNaGpmCkhTWFpnbWdoeXBnN3dUbVFZUHNIbGswV0c0ZDdqbXJZc1NMdXg1NC9XNk1Wek0xQXRMd1BCVDBrcjBKOEU5dGsKYkFyMmpBZ2JKdkpqcGV3aytvUW95TDdvVE1YeEpYa0R6Q0h1WHFTOUpGc20rV0czTkZZV01sb3k1SzdmWC9xUApNd1JBbXJUUExaTlNnN080a1dpWGYxSUg1ZENYL3FCRWUwZ05aRnA4YTdKOTQrZmNubzZOVEd6VmIvRm1SNzJrCk56U1N0UzFYdVZEUVVlS2h0RkdLUlRiL3BvSStYZWNGY0JwQmVCbHZUWjlJa1VKSzFqYUhyOEpDcmpYWGtBd2oKeXBUMWhTdUJSWnZoCi0tLS0tRU5EIENFUlRJRklDQVRFLS0tLS0K"
              }
            ],
            "cluster_id": null,
            "compute_config": [],
            "created_at": "2025-02-27T09:00:45Z",
            "enabled_cluster_log_types": [],
            "encryption_config": [],
            "endpoint": "https://7A5D69C243F05E0219D5829A54D12F56.gr7.ap-south-1.eks.amazonaws.com",
            "id": "my-eks-cluster",
            "identity": [
              {
                "oidc": [
                  {
                    "issuer": "https://oidc.eks.ap-south-1.amazonaws.com/id/7A5D69C243F05E0219D5829A54D12F56"
                  }
                ]
              }
            ],
            "kubernetes_network_config": [
              {
                "elastic_load_balancing": [
                  {
                    "enabled": false
                  }
                ],
                "ip_family": "ipv4",
                "service_ipv4_cidr": "172.20.0.0/16",
                "service_ipv6_cidr": ""
              }
            ],
            "name": "my-eks-cluster",
            "outpost_config": [],
            "platform_version": "eks.19",
            "remote_network_config": [],
            "role_arn": "arn:aws:iam::288761760029:role/eks-cluster-role",
            "status": "ACTIVE",
            "storage_config": [],
            "tags": {},
            "tags_all": {},
            "timeouts": null,
            "upgrade_policy": [
              {
                "support_type": "EXTENDED"
              }
            ],
            "version": "1.31",
            "vpc_config": [
              {
                "cluster_security_group_id": "sg-00e11154bbe850831",
                "endpoint_private_access": false,
                "endpoint_public_access": true,
                "public_access_cidrs": [
                  "0.0.0.0/0"
                ],
                "security_group_ids": [],
                "subnet_ids": [
                  "subnet-004fd14890f48a179",
                  "subnet-05b403e01ad3ee846"
                ],
                "vpc_id": "vpc-0f6c90d59dbba2383"
              }
            ],
            "zonal_shift_config": []
          },
          "sensitive_attributes": [],
          "private": "eyJlMmJmYjczMC1lY2FhLTExZTYtOGY4OC0zNDM2M2JjN2M0YzAiOnsiY3JlYXRlIjoxODAwMDAwMDAwMDAwLCJkZWxldGUiOjkwMDAwMDAwMDAwMCwidXBkYXRlIjozNjAwMDAwMDAwMDAwfSwic2NoZW1hX3ZlcnNpb24iOiIxIn0=",
          "dependencies": [
            "module.VPC.aws_subnet.subnet-terr-1",
            "module.VPC.aws_subnet.subnet-terr-2",
            "module.VPC.aws_vpc.tf_vpc",
            "module.iam-policy.aws_iam_policy.eks_k8s_admin",
            "module.iam-policy.aws_iam_role.eks_role",
            "module.iam-policy.aws_iam_role_policy_attachment.eks_k8s_admin_attach",
            "module.iam-policy.aws_iam_role_policy_attachment.eks_policy_attach"
          ]
        }
      ]
    },
    {
      "module": "module.eks",
      "mode": "managed",
      "type": "aws_eks_node_group",
      "name": "eks_nodes",
      "provider": "provider[\"registry.terraform.io/hashicorp/aws\"]",
      "instances": [
        {
          "schema_version": 0,
          "attributes": {
            "ami_type": "AL2_x86_64",
            "arn": "arn:aws:eks:ap-south-1:288761760029:nodegroup/my-eks-cluster/my-node-group/26caa354-9f54-a1fb-de3d-fad56710024c",
            "capacity_type": "ON_DEMAND",
            "cluster_name": "my-eks-cluster",
            "disk_size": 20,
            "force_update_version": null,
            "id": "my-eks-cluster:my-node-group",
            "instance_types": [
              "t3.medium"
            ],
            "labels": {},
            "launch_template": [],
            "node_group_name": "my-node-group",
            "node_group_name_prefix": "",
            "node_repair_config": [],
            "node_role_arn": "arn:aws:iam::288761760029:role/eks-node-group-role",
            "release_version": "1.31.5-20250224",
            "remote_access": [
              {
                "ec2_ssh_key": "my-keypair",
                "source_security_group_ids": []
              }
            ],
            "resources": [
              {
                "autoscaling_groups": [
                  {
                    "name": "eks-my-node-group-26caa354-9f54-a1fb-de3d-fad56710024c"
                  }
                ],
                "remote_access_security_group_id": "sg-0b980debd96adffab"
              }
            ],
            "scaling_config": [
              {
                "desired_size": 2,
                "max_size": 3,
                "min_size": 1
              }
            ],
            "status": "ACTIVE",
            "subnet_ids": [
              "subnet-004fd14890f48a179",
              "subnet-05b403e01ad3ee846"
            ],
            "tags": {
              "Name": "EKS-Node"
            },
            "tags_all": {
              "Name": "EKS-Node"
            },
            "taint": [],
            "timeouts": null,
            "update_config": [
              {
                "max_unavailable": 1,
                "max_unavailable_percentage": 0
              }
            ],
            "version": "1.31"
          },
          "sensitive_attributes": [],
          "private": "eyJlMmJmYjczMC1lY2FhLTExZTYtOGY4OC0zNDM2M2JjN2M0YzAiOnsiY3JlYXRlIjozNjAwMDAwMDAwMDAwLCJkZWxldGUiOjM2MDAwMDAwMDAwMDAsInVwZGF0ZSI6MzYwMDAwMDAwMDAwMH19",
          "dependencies": [
            "module.VPC.aws_subnet.subnet-terr-1",
            "module.VPC.aws_subnet.subnet-terr-2",
            "module.VPC.aws_vpc.tf_vpc",
            "module.eks.aws_eks_cluster.eks_cluster",
            "module.eks.aws_iam_role.node_group_role",
            "module.iam-policy.aws_iam_policy.eks_k8s_admin",
            "module.iam-policy.aws_iam_role.eks_role",
            "module.iam-policy.aws_iam_role_policy_attachment.eks_k8s_admin_attach",
            "module.iam-policy.aws_iam_role_policy_attachment.eks_policy_attach"
          ]
        }
      ]
    },
    {
      "module": "module.eks",
      "mode": "managed",
      "type": "aws_iam_role",
      "name": "node_group_role",
      "provider": "provider[\"registry.terraform.io/hashicorp/aws\"]",
      "instances": [
        {
          "schema_version": 0,
          "attributes": {
            "arn": "arn:aws:iam::288761760029:role/eks-node-group-role",
            "assume_role_policy": "{\"Statement\":[{\"Action\":\"sts:AssumeRole\",\"Effect\":\"Allow\",\"Principal\":{\"Service\":\"ec2.amazonaws.com\"}}],\"Version\":\"2012-10-17\"}",
            "create_date": "2025-02-27T09:00:28Z",
            "description": "",
            "force_detach_policies": false,
            "id": "eks-node-group-role",
            "inline_policy": [],
            "managed_policy_arns": [
              "arn:aws:iam::288761760029:policy/AWSLoadBalancerControllerIAMPolicy",
              "arn:aws:iam::aws:policy/AmazonEC2ContainerRegistryReadOnly",
              "arn:aws:iam::aws:policy/AmazonEKSWorkerNodePolicy",
              "arn:aws:iam::aws:policy/AmazonEKS_CNI_Policy"
            ],
            "max_session_duration": 3600,
            "name": "eks-node-group-role",
            "name_prefix": "",
            "path": "/",
            "permissions_boundary": "",
            "tags": {},
            "tags_all": {},
            "unique_id": "AROAUGO4KZEO45CICP2T7"
          },
          "sensitive_attributes": [],
          "private": "bnVsbA=="
        }
      ]
    },
    {
      "module": "module.eks",
      "mode": "managed",
      "type": "aws_iam_role_policy_attachment",
      "name": "node_group_AmazonEC2ContainerRegistryReadOnly",
      "provider": "provider[\"registry.terraform.io/hashicorp/aws\"]",
      "instances": [
        {
          "schema_version": 0,
          "attributes": {
            "id": "eks-node-group-role-20250227090030136500000002",
            "policy_arn": "arn:aws:iam::aws:policy/AmazonEC2ContainerRegistryReadOnly",
            "role": "eks-node-group-role"
          },
          "sensitive_attributes": [],
          "private": "bnVsbA==",
          "dependencies": [
            "module.eks.aws_iam_role.node_group_role"
          ]
        }
      ]
    },
    {
      "module": "module.eks",
      "mode": "managed",
      "type": "aws_iam_role_policy_attachment",
      "name": "node_group_AmazonEKSWorkerNodePolicy",
      "provider": "provider[\"registry.terraform.io/hashicorp/aws\"]",
      "instances": [
        {
          "schema_version": 0,
          "attributes": {
            "id": "eks-node-group-role-20250227090030157300000003",
            "policy_arn": "arn:aws:iam::aws:policy/AmazonEKSWorkerNodePolicy",
            "role": "eks-node-group-role"
          },
          "sensitive_attributes": [],
          "private": "bnVsbA==",
          "dependencies": [
            "module.eks.aws_iam_role.node_group_role"
          ]
        }
      ]
    },
    {
      "module": "module.eks",
      "mode": "managed",
      "type": "aws_iam_role_policy_attachment",
      "name": "node_group_AmazonEKS_CNI_Policy",
      "provider": "provider[\"registry.terraform.io/hashicorp/aws\"]",
      "instances": [
        {
          "schema_version": 0,
          "attributes": {
            "id": "eks-node-group-role-20250227090030445800000005",
            "policy_arn": "arn:aws:iam::aws:policy/AmazonEKS_CNI_Policy",
            "role": "eks-node-group-role"
          },
          "sensitive_attributes": [],
          "private": "bnVsbA==",
          "dependencies": [
            "module.eks.aws_iam_role.node_group_role"
          ]
        }
      ]
    },
    {
      "module": "module.eks",
      "mode": "managed",
      "type": "kubernetes_cluster_role_binding",
      "name": "eks_console_view",
      "provider": "module.eks.provider[\"registry.terraform.io/hashicorp/kubernetes\"]",
      "instances": [
        {
          "schema_version": 0,
          "attributes": {
            "id": "eks-console-view",
            "metadata": [
              {
                "annotations": {},
                "generate_name": "",
                "generation": 0,
                "labels": {},
                "name": "eks-console-view",
                "resource_version": "692",
                "uid": "f2331471-b1dd-4339-92a5-0b696196d05f"
              }
            ],
            "role_ref": [
              {
                "api_group": "rbac.authorization.k8s.io",
                "kind": "ClusterRole",
                "name": "view"
              }
            ],
            "subject": [
              {
                "api_group": "rbac.authorization.k8s.io",
                "kind": "User",
                "name": "arn:aws:iam::288761760029:role/eks-cluster-role",
                "namespace": "default"
              }
            ]
          },
          "sensitive_attributes": [],
          "private": "bnVsbA==",
          "dependencies": [
            "module.VPC.aws_subnet.subnet-terr-1",
            "module.VPC.aws_subnet.subnet-terr-2",
            "module.VPC.aws_vpc.tf_vpc",
            "module.eks.aws_eks_cluster.eks_cluster",
            "module.eks.data.aws_eks_cluster.my_cluster",
            "module.eks.data.aws_eks_cluster_auth.my_cluster_id",
            "module.iam-policy.aws_iam_policy.eks_k8s_admin",
            "module.iam-policy.aws_iam_role.eks_role",
            "module.iam-policy.aws_iam_role_policy_attachment.eks_k8s_admin_attach",
            "module.iam-policy.aws_iam_role_policy_attachment.eks_policy_attach"
          ]
        }
      ]
    },
    {
      "module": "module.eks",
      "mode": "managed",
      "type": "kubernetes_config_map",
      "name": "aws_auth",
      "provider": "module.eks.provider[\"registry.terraform.io/hashicorp/kubernetes\"]",
      "instances": [
        {
          "schema_version": 0,
          "attributes": {
            "binary_data": {},
            "data": {
              "mapRoles": "- groups:\n  - system:masters\n  rolearn: var.role_arn\n  username: eks-cluster-role\n- groups:\n  - system:bootstrappers\n  - system:nodes\n  rolearn: arn:aws:iam::288761760029:role/eks-node-group-role\n  username: system:node:{{EC2PrivateDNSName}}\n"
            },
            "id": "kube-system/aws-auth",
            "immutable": false,
            "metadata": [
              {
                "annotations": {},
                "generate_name": "",
                "generation": 0,
                "labels": {},
                "name": "aws-auth",
                "namespace": "kube-system",
                "resource_version": "792",
                "uid": "13cc793a-f067-45b2-b022-b446abe180be"
              }
            ]
          },
          "sensitive_attributes": [],
          "private": "bnVsbA==",
          "dependencies": [
            "module.VPC.aws_subnet.subnet-terr-1",
            "module.VPC.aws_subnet.subnet-terr-2",
            "module.VPC.aws_vpc.tf_vpc",
            "module.eks.aws_eks_cluster.eks_cluster",
            "module.eks.data.aws_eks_cluster.my_cluster",
            "module.eks.data.aws_eks_cluster_auth.my_cluster_id",
            "module.iam-policy.aws_iam_policy.eks_k8s_admin",
            "module.iam-policy.aws_iam_role.eks_role",
            "module.iam-policy.aws_iam_role_policy_attachment.eks_k8s_admin_attach",
            "module.iam-policy.aws_iam_role_policy_attachment.eks_policy_attach"
          ]
        }
      ]
    },
    {
      "module": "module.iam-policy",
      "mode": "managed",
      "type": "aws_iam_policy",
      "name": "eks_k8s_admin",
      "provider": "provider[\"registry.terraform.io/hashicorp/aws\"]",
      "instances": [
        {
          "schema_version": 0,
          "attributes": {
            "arn": "arn:aws:iam::288761760029:policy/EKS-K8S-Admin",
            "attachment_count": 1,
            "description": "EKS Kubernetes Admin Access",
            "id": "arn:aws:iam::288761760029:policy/EKS-K8S-Admin",
            "name": "EKS-K8S-Admin",
            "name_prefix": "",
            "path": "/",
            "policy": "{\"Statement\":[{\"Action\":\"eks:AccessKubernetesApi\",\"Effect\":\"Allow\",\"Resource\":\"*\"}],\"Version\":\"2012-10-17\"}",
            "policy_id": "ANPAUGO4KZEO2GNLBAUK2",
            "tags": {},
            "tags_all": {}
          },
          "sensitive_attributes": [],
          "private": "bnVsbA=="
        }
      ]
    },
    {
      "module": "module.iam-policy",
      "mode": "managed",
      "type": "aws_iam_role",
      "name": "eks_role",
      "provider": "provider[\"registry.terraform.io/hashicorp/aws\"]",
      "instances": [
        {
          "schema_version": 0,
          "attributes": {
            "arn": "arn:aws:iam::288761760029:role/eks-cluster-role",
            "assume_role_policy": "{\"Statement\":[{\"Action\":[\"sts:AssumeRole\"],\"Effect\":\"Allow\",\"Principal\":{\"Service\":\"eks.amazonaws.com\"}}],\"Version\":\"2012-10-17\"}",
            "create_date": "2025-02-27T09:00:28Z",
            "description": "",
            "force_detach_policies": false,
            "id": "eks-cluster-role",
            "inline_policy": [],
            "managed_policy_arns": [
              "arn:aws:iam::288761760029:policy/EKS-K8S-Admin",
              "arn:aws:iam::aws:policy/AmazonEKSClusterPolicy"
            ],
            "max_session_duration": 3600,
            "name": "eks-cluster-role",
            "name_prefix": "",
            "path": "/",
            "permissions_boundary": "",
            "tags": {},
            "tags_all": {},
            "unique_id": "AROAUGO4KZEOUVOXODOVT"
          },
          "sensitive_attributes": [],
          "private": "bnVsbA=="
        }
      ]
    },
    {
      "module": "module.iam-policy",
      "mode": "managed",
      "type": "aws_iam_role_policy_attachment",
      "name": "eks_k8s_admin_attach",
      "provider": "provider[\"registry.terraform.io/hashicorp/aws\"]",
      "instances": [
        {
          "schema_version": 0,
          "attributes": {
            "id": "eks-cluster-role-20250227090030123600000001",
            "policy_arn": "arn:aws:iam::288761760029:policy/EKS-K8S-Admin",
            "role": "eks-cluster-role"
          },
          "sensitive_attributes": [],
          "private": "bnVsbA==",
          "dependencies": [
            "module.iam-policy.aws_iam_policy.eks_k8s_admin",
            "module.iam-policy.aws_iam_role.eks_role"
          ]
        }
      ]
    },
    {
      "module": "module.iam-policy",
      "mode": "managed",
      "type": "aws_iam_role_policy_attachment",
      "name": "eks_policy_attach",
      "provider": "provider[\"registry.terraform.io/hashicorp/aws\"]",
      "instances": [
        {
          "schema_version": 0,
          "attributes": {
            "id": "eks-cluster-role-20250227090030417200000004",
            "policy_arn": "arn:aws:iam::aws:policy/AmazonEKSClusterPolicy",
            "role": "eks-cluster-role"
          },
          "sensitive_attributes": [],
          "private": "bnVsbA==",
          "dependencies": [
            "module.iam-policy.aws_iam_role.eks_role"
          ]
        }
      ]
    }
  ],
  "check_results": null
}
